PODS:
  - ZJTableViewManager (0.2.1)

DEPENDENCIES:
  - ZJTableViewManager

SPEC REPOS:
  https://github.com/cocoapods/specs.git:
    - ZJTableViewManager

SPEC CHECKSUMS:
  ZJTableViewManager: 1cc6871163a3c27ec5ec64cc7f3ee6580f70cc58

PODFILE CHECKSUM: 137f3e960598a7f295de703f914310fd694563d6

COCOAPODS: 1.5.3
