PODS:
  - ZJTableViewManager (0.2.3)

DEPENDENCIES:
  - ZJTableViewManager (~> 0.2.3)

SPEC REPOS:
  https://github.com/cocoapods/specs.git:
    - ZJTableViewManager

SPEC CHECKSUMS:
  ZJTableViewManager: 8994fd1a476dbc746fa24b9bf0c288022f73ff9d

PODFILE CHECKSUM: 0ee99d74f9dcb46c821a9426a18d18b3875fe14c

COCOAPODS: 1.5.3
