// !$*UTF8*$!
{
	archiveVersion = 1;
	classes = {
	};
	objectVersion = 50;
	objects = {

/* Begin PBXBuildFile section */
		660D6D99231E5F53009741A7 /* DemoViewController.swift in Sources */ = {isa = PBXBuildFile; fileRef = 660D6D69231E5F52009741A7 /* DemoViewController.swift */; };
		660D6D9B231E5F53009741A7 /* RetractableViewController.swift in Sources */ = {isa = PBXBuildFile; fileRef = 660D6D6B231E5F52009741A7 /* RetractableViewController.swift */; };
		660D6D9C231E5F53009741A7 /* SectionsViewController.swift in Sources */ = {isa = PBXBuildFile; fileRef = 660D6D6C231E5F52009741A7 /* SectionsViewController.swift */; };
		660D6DA3231E5F53009741A7 /* Assets.xcassets in Resources */ = {isa = PBXBuildFile; fileRef = 660D6D76231E5F52009741A7 /* Assets.xcassets */; };
		660D6DA4231E5F53009741A7 /* BasicViewController.swift in Sources */ = {isa = PBXBuildFile; fileRef = 660D6D77231E5F52009741A7 /* BasicViewController.swift */; };
		660D6DA5231E5F53009741A7 /* EditingViewController.swift in Sources */ = {isa = PBXBuildFile; fileRef = 660D6D78231E5F52009741A7 /* EditingViewController.swift */; };
		660D6DA6231E5F53009741A7 /* CardTableViewCell.swift in Sources */ = {isa = PBXBuildFile; fileRef = 660D6D7A231E5F52009741A7 /* CardTableViewCell.swift */; };
		660D6DA7231E5F53009741A7 /* UpdateHeightViewController.swift in Sources */ = {isa = PBXBuildFile; fileRef = 660D6D7B231E5F52009741A7 /* UpdateHeightViewController.swift */; };
		660D6DA8231E5F53009741A7 /* CardTableViewCell.xib in Resources */ = {isa = PBXBuildFile; fileRef = 660D6D7C231E5F52009741A7 /* CardTableViewCell.xib */; };
		660D6DA9231E5F53009741A7 /* Level1Cell.xib in Resources */ = {isa = PBXBuildFile; fileRef = 660D6D7F231E5F52009741A7 /* Level1Cell.xib */; };
		660D6DAA231E5F53009741A7 /* Level0Cell.xib in Resources */ = {isa = PBXBuildFile; fileRef = 660D6D80231E5F52009741A7 /* Level0Cell.xib */; };
		660D6DAB231E5F53009741A7 /* Level1Cell.swift in Sources */ = {isa = PBXBuildFile; fileRef = 660D6D81231E5F52009741A7 /* Level1Cell.swift */; };
		660D6DAC231E5F53009741A7 /* Level2Cell.xib in Resources */ = {isa = PBXBuildFile; fileRef = 660D6D82231E5F52009741A7 /* Level2Cell.xib */; };
		660D6DAD231E5F53009741A7 /* Level3Cell.xib in Resources */ = {isa = PBXBuildFile; fileRef = 660D6D83231E5F52009741A7 /* Level3Cell.xib */; };
		660D6DAE231E5F53009741A7 /* Level0Cell.swift in Sources */ = {isa = PBXBuildFile; fileRef = 660D6D84231E5F52009741A7 /* Level0Cell.swift */; };
		660D6DAF231E5F53009741A7 /* Level3Cell.swift in Sources */ = {isa = PBXBuildFile; fileRef = 660D6D85231E5F52009741A7 /* Level3Cell.swift */; };
		660D6DB0231E5F53009741A7 /* Level2Cell.swift in Sources */ = {isa = PBXBuildFile; fileRef = 660D6D86231E5F52009741A7 /* Level2Cell.swift */; };
		660D6DB1231E5F53009741A7 /* AccordionEffectDemoVC.swift in Sources */ = {isa = PBXBuildFile; fileRef = 660D6D87231E5F52009741A7 /* AccordionEffectDemoVC.swift */; };
		660D6DB2231E5F53009741A7 /* LaunchScreen.storyboard in Resources */ = {isa = PBXBuildFile; fileRef = 660D6D88231E5F52009741A7 /* LaunchScreen.storyboard */; };
		660D6DB3231E5F53009741A7 /* Main.storyboard in Resources */ = {isa = PBXBuildFile; fileRef = 660D6D8A231E5F52009741A7 /* Main.storyboard */; };
		660D6DB4231E5F53009741A7 /* AppDelegate.swift in Sources */ = {isa = PBXBuildFile; fileRef = 660D6D8C231E5F52009741A7 /* AppDelegate.swift */; };
		660D6DB5231E5F53009741A7 /* AutomaticHeightViewController.swift in Sources */ = {isa = PBXBuildFile; fileRef = 660D6D8E231E5F52009741A7 /* AutomaticHeightViewController.swift */; };
		660D6DB8231E5F53009741A7 /* AutomaticHeightCell.xib in Resources */ = {isa = PBXBuildFile; fileRef = 660D6D93231E5F52009741A7 /* AutomaticHeightCell.xib */; };
		660D6DB9231E5F53009741A7 /* AutomaticHeightCell.swift in Sources */ = {isa = PBXBuildFile; fileRef = 660D6D94231E5F52009741A7 /* AutomaticHeightCell.swift */; };
		660D6DBC231E5F53009741A7 /* Info-manager.plist in Resources */ = {isa = PBXBuildFile; fileRef = 660D6D98231E5F52009741A7 /* Info-manager.plist */; };
		662ABE722445516300A6A603 /* ZJSwitchCell.xib in Resources */ = {isa = PBXBuildFile; fileRef = 662ABE6C2445516300A6A603 /* ZJSwitchCell.xib */; };
		662ABE732445516300A6A603 /* ZJTextFieldCell.xib in Resources */ = {isa = PBXBuildFile; fileRef = 662ABE6D2445516300A6A603 /* ZJTextFieldCell.xib */; };
		662ABE742445516300A6A603 /* ZJTextCell.xib in Resources */ = {isa = PBXBuildFile; fileRef = 662ABE6E2445516300A6A603 /* ZJTextCell.xib */; };
		662ABE752445516300A6A603 /* ZJTextFieldCell.swift in Sources */ = {isa = PBXBuildFile; fileRef = 662ABE6F2445516300A6A603 /* ZJTextFieldCell.swift */; };
		662ABE762445516300A6A603 /* ZJSwitchCell.swift in Sources */ = {isa = PBXBuildFile; fileRef = 662ABE702445516300A6A603 /* ZJSwitchCell.swift */; };
		662ABE772445516300A6A603 /* ZJTextCell.swift in Sources */ = {isa = PBXBuildFile; fileRef = 662ABE712445516300A6A603 /* ZJTextCell.swift */; };
		662ABE79244559D200A6A603 /* Data.swift in Sources */ = {isa = PBXBuildFile; fileRef = 662ABE78244559D200A6A603 /* Data.swift */; };
		662ABE7C2446E60B00A6A603 /* CustomExpandButtonCell.swift in Sources */ = {isa = PBXBuildFile; fileRef = 662ABE7A2446E60B00A6A603 /* CustomExpandButtonCell.swift */; };
		662ABE7D2446E60B00A6A603 /* CustomExpandButtonCell.xib in Resources */ = {isa = PBXBuildFile; fileRef = 662ABE7B2446E60B00A6A603 /* CustomExpandButtonCell.xib */; };
		66A7FDF02447062A0003BC69 /* CustomSectionHeaderView.xib in Resources */ = {isa = PBXBuildFile; fileRef = 66A7FDEF2447062A0003BC69 /* CustomSectionHeaderView.xib */; };
		66A7FDF2244706390003BC69 /* CustomSectionHeaderView.swift in Sources */ = {isa = PBXBuildFile; fileRef = 66A7FDF1244706390003BC69 /* CustomSectionHeaderView.swift */; };
		66BF20EC24752CC600A60AB5 /* SelectionViewController.swift in Sources */ = {isa = PBXBuildFile; fileRef = 66BF20EB24752CC600A60AB5 /* SelectionViewController.swift */; };
		66BF20F024752E2B00A60AB5 /* SelectionCell.swift in Sources */ = {isa = PBXBuildFile; fileRef = 66BF20EE24752E2B00A60AB5 /* SelectionCell.swift */; };
		66BF20F124752E2B00A60AB5 /* SelectionCell.xib in Resources */ = {isa = PBXBuildFile; fileRef = 66BF20EF24752E2B00A60AB5 /* SelectionCell.xib */; };
		66E60FB02427D1C900C5E2BB /* ZJBaseTableViewController.swift in Sources */ = {isa = PBXBuildFile; fileRef = 66E60F9E2427D1C900C5E2BB /* ZJBaseTableViewController.swift */; };
		66E60FB12427D1C900C5E2BB /* ZJTextView.swift in Sources */ = {isa = PBXBuildFile; fileRef = 66E60F9F2427D1C900C5E2BB /* ZJTextView.swift */; };
		8FDF516524476C5400A4AB92 /* test.m in Sources */ = {isa = PBXBuildFile; fileRef = 8FDF516424476C5400A4AB92 /* test.m */; };
		8FDF51B524476D4F00A4AB92 /* YYFPSLabel.m in Sources */ = {isa = PBXBuildFile; fileRef = 8FDF51B424476D4F00A4AB92 /* YYFPSLabel.m */; };
		8FDF51BB2447715B00A4AB92 /* YYWeakProxy.m in Sources */ = {isa = PBXBuildFile; fileRef = 8FDF51B92447715B00A4AB92 /* YYWeakProxy.m */; };
		EA2863A4292103F6000C08FD /* ZJTableViewManager.framework in Frameworks */ = {isa = PBXBuildFile; fileRef = 8F450804244CBDB7007C123E /* ZJTableViewManager.framework */; };
		EA2863A5292103F6000C08FD /* ZJTableViewManager.framework in Embed Frameworks */ = {isa = PBXBuildFile; fileRef = 8F450804244CBDB7007C123E /* ZJTableViewManager.framework */; settings = {ATTRIBUTES = (CodeSignOnCopy, RemoveHeadersOnCopy, ); }; };
/* End PBXBuildFile section */

/* Begin PBXCopyFilesBuildPhase section */
		EA2863A6292103F6000C08FD /* Embed Frameworks */ = {
			isa = PBXCopyFilesBuildPhase;
			buildActionMask = 2147483647;
			dstPath = "";
			dstSubfolderSpec = 10;
			files = (
				EA2863A5292103F6000C08FD /* ZJTableViewManager.framework in Embed Frameworks */,
			);
			name = "Embed Frameworks";
			runOnlyForDeploymentPostprocessing = 0;
		};
/* End PBXCopyFilesBuildPhase section */

/* Begin PBXFileReference section */
		31648C5FE3FCA399246CC396 /* Pods_ZJTableViewDemo_NormalExample.framework */ = {isa = PBXFileReference; explicitFileType = wrapper.framework; includeInIndex = 0; path = Pods_ZJTableViewDemo_NormalExample.framework; sourceTree = BUILT_PRODUCTS_DIR; };
		41098006C16FC66E334ACAE8 /* Pods-ZJTableViewDemo-NormalExample.debug.xcconfig */ = {isa = PBXFileReference; includeInIndex = 1; lastKnownFileType = text.xcconfig; name = "Pods-ZJTableViewDemo-NormalExample.debug.xcconfig"; path = "Target Support Files/Pods-ZJTableViewDemo-NormalExample/Pods-ZJTableViewDemo-NormalExample.debug.xcconfig"; sourceTree = "<group>"; };
		5EF0B71C17BB9887757FB3D6 /* Pods-ZJTableViewDemo-NormalExample.release.xcconfig */ = {isa = PBXFileReference; includeInIndex = 1; lastKnownFileType = text.xcconfig; name = "Pods-ZJTableViewDemo-NormalExample.release.xcconfig"; path = "Target Support Files/Pods-ZJTableViewDemo-NormalExample/Pods-ZJTableViewDemo-NormalExample.release.xcconfig"; sourceTree = "<group>"; };
		660D6D53231E5F39009741A7 /* NormalExample.app */ = {isa = PBXFileReference; explicitFileType = wrapper.application; includeInIndex = 0; path = NormalExample.app; sourceTree = BUILT_PRODUCTS_DIR; };
		660D6D69231E5F52009741A7 /* DemoViewController.swift */ = {isa = PBXFileReference; fileEncoding = 4; lastKnownFileType = sourcecode.swift; path = DemoViewController.swift; sourceTree = "<group>"; };
		660D6D6B231E5F52009741A7 /* RetractableViewController.swift */ = {isa = PBXFileReference; fileEncoding = 4; lastKnownFileType = sourcecode.swift; path = RetractableViewController.swift; sourceTree = "<group>"; };
		660D6D6C231E5F52009741A7 /* SectionsViewController.swift */ = {isa = PBXFileReference; fileEncoding = 4; lastKnownFileType = sourcecode.swift; path = SectionsViewController.swift; sourceTree = "<group>"; };
		660D6D76231E5F52009741A7 /* Assets.xcassets */ = {isa = PBXFileReference; lastKnownFileType = folder.assetcatalog; path = Assets.xcassets; sourceTree = "<group>"; };
		660D6D77231E5F52009741A7 /* BasicViewController.swift */ = {isa = PBXFileReference; fileEncoding = 4; lastKnownFileType = sourcecode.swift; path = BasicViewController.swift; sourceTree = "<group>"; };
		660D6D78231E5F52009741A7 /* EditingViewController.swift */ = {isa = PBXFileReference; fileEncoding = 4; lastKnownFileType = sourcecode.swift; path = EditingViewController.swift; sourceTree = "<group>"; };
		660D6D7A231E5F52009741A7 /* CardTableViewCell.swift */ = {isa = PBXFileReference; fileEncoding = 4; lastKnownFileType = sourcecode.swift; path = CardTableViewCell.swift; sourceTree = "<group>"; };
		660D6D7B231E5F52009741A7 /* UpdateHeightViewController.swift */ = {isa = PBXFileReference; fileEncoding = 4; lastKnownFileType = sourcecode.swift; path = UpdateHeightViewController.swift; sourceTree = "<group>"; };
		660D6D7C231E5F52009741A7 /* CardTableViewCell.xib */ = {isa = PBXFileReference; fileEncoding = 4; lastKnownFileType = file.xib; path = CardTableViewCell.xib; sourceTree = "<group>"; };
		660D6D7F231E5F52009741A7 /* Level1Cell.xib */ = {isa = PBXFileReference; fileEncoding = 4; lastKnownFileType = file.xib; path = Level1Cell.xib; sourceTree = "<group>"; };
		660D6D80231E5F52009741A7 /* Level0Cell.xib */ = {isa = PBXFileReference; fileEncoding = 4; lastKnownFileType = file.xib; path = Level0Cell.xib; sourceTree = "<group>"; };
		660D6D81231E5F52009741A7 /* Level1Cell.swift */ = {isa = PBXFileReference; fileEncoding = 4; lastKnownFileType = sourcecode.swift; path = Level1Cell.swift; sourceTree = "<group>"; };
		660D6D82231E5F52009741A7 /* Level2Cell.xib */ = {isa = PBXFileReference; fileEncoding = 4; lastKnownFileType = file.xib; path = Level2Cell.xib; sourceTree = "<group>"; };
		660D6D83231E5F52009741A7 /* Level3Cell.xib */ = {isa = PBXFileReference; fileEncoding = 4; lastKnownFileType = file.xib; path = Level3Cell.xib; sourceTree = "<group>"; };
		660D6D84231E5F52009741A7 /* Level0Cell.swift */ = {isa = PBXFileReference; fileEncoding = 4; lastKnownFileType = sourcecode.swift; path = Level0Cell.swift; sourceTree = "<group>"; };
		660D6D85231E5F52009741A7 /* Level3Cell.swift */ = {isa = PBXFileReference; fileEncoding = 4; lastKnownFileType = sourcecode.swift; path = Level3Cell.swift; sourceTree = "<group>"; };
		660D6D86231E5F52009741A7 /* Level2Cell.swift */ = {isa = PBXFileReference; fileEncoding = 4; lastKnownFileType = sourcecode.swift; path = Level2Cell.swift; sourceTree = "<group>"; };
		660D6D87231E5F52009741A7 /* AccordionEffectDemoVC.swift */ = {isa = PBXFileReference; fileEncoding = 4; lastKnownFileType = sourcecode.swift; path = AccordionEffectDemoVC.swift; sourceTree = "<group>"; };
		660D6D89231E5F52009741A7 /* Base */ = {isa = PBXFileReference; lastKnownFileType = file.storyboard; name = Base; path = Base.lproj/LaunchScreen.storyboard; sourceTree = "<group>"; };
		660D6D8B231E5F52009741A7 /* Base */ = {isa = PBXFileReference; lastKnownFileType = file.storyboard; name = Base; path = Base.lproj/Main.storyboard; sourceTree = "<group>"; };
		660D6D8C231E5F52009741A7 /* AppDelegate.swift */ = {isa = PBXFileReference; fileEncoding = 4; lastKnownFileType = sourcecode.swift; path = AppDelegate.swift; sourceTree = "<group>"; };
		660D6D8E231E5F52009741A7 /* AutomaticHeightViewController.swift */ = {isa = PBXFileReference; fileEncoding = 4; lastKnownFileType = sourcecode.swift; path = AutomaticHeightViewController.swift; sourceTree = "<group>"; };
		660D6D93231E5F52009741A7 /* AutomaticHeightCell.xib */ = {isa = PBXFileReference; fileEncoding = 4; lastKnownFileType = file.xib; path = AutomaticHeightCell.xib; sourceTree = "<group>"; };
		660D6D94231E5F52009741A7 /* AutomaticHeightCell.swift */ = {isa = PBXFileReference; fileEncoding = 4; lastKnownFileType = sourcecode.swift; path = AutomaticHeightCell.swift; sourceTree = "<group>"; };
		660D6D98231E5F52009741A7 /* Info-manager.plist */ = {isa = PBXFileReference; fileEncoding = 4; lastKnownFileType = text.plist.xml; path = "Info-manager.plist"; sourceTree = "<group>"; };
		662ABE6C2445516300A6A603 /* ZJSwitchCell.xib */ = {isa = PBXFileReference; fileEncoding = 4; lastKnownFileType = file.xib; path = ZJSwitchCell.xib; sourceTree = "<group>"; };
		662ABE6D2445516300A6A603 /* ZJTextFieldCell.xib */ = {isa = PBXFileReference; fileEncoding = 4; lastKnownFileType = file.xib; path = ZJTextFieldCell.xib; sourceTree = "<group>"; };
		662ABE6E2445516300A6A603 /* ZJTextCell.xib */ = {isa = PBXFileReference; fileEncoding = 4; lastKnownFileType = file.xib; path = ZJTextCell.xib; sourceTree = "<group>"; };
		662ABE6F2445516300A6A603 /* ZJTextFieldCell.swift */ = {isa = PBXFileReference; fileEncoding = 4; lastKnownFileType = sourcecode.swift; path = ZJTextFieldCell.swift; sourceTree = "<group>"; };
		662ABE702445516300A6A603 /* ZJSwitchCell.swift */ = {isa = PBXFileReference; fileEncoding = 4; lastKnownFileType = sourcecode.swift; path = ZJSwitchCell.swift; sourceTree = "<group>"; };
		662ABE712445516300A6A603 /* ZJTextCell.swift */ = {isa = PBXFileReference; fileEncoding = 4; lastKnownFileType = sourcecode.swift; path = ZJTextCell.swift; sourceTree = "<group>"; };
		662ABE78244559D200A6A603 /* Data.swift */ = {isa = PBXFileReference; lastKnownFileType = sourcecode.swift; path = Data.swift; sourceTree = "<group>"; };
		662ABE7A2446E60B00A6A603 /* CustomExpandButtonCell.swift */ = {isa = PBXFileReference; lastKnownFileType = sourcecode.swift; path = CustomExpandButtonCell.swift; sourceTree = "<group>"; };
		662ABE7B2446E60B00A6A603 /* CustomExpandButtonCell.xib */ = {isa = PBXFileReference; lastKnownFileType = file.xib; path = CustomExpandButtonCell.xib; sourceTree = "<group>"; };
		66A7FDEF2447062A0003BC69 /* CustomSectionHeaderView.xib */ = {isa = PBXFileReference; lastKnownFileType = file.xib; path = CustomSectionHeaderView.xib; sourceTree = "<group>"; };
		66A7FDF1244706390003BC69 /* CustomSectionHeaderView.swift */ = {isa = PBXFileReference; lastKnownFileType = sourcecode.swift; path = CustomSectionHeaderView.swift; sourceTree = "<group>"; };
		66BF20EB24752CC600A60AB5 /* SelectionViewController.swift */ = {isa = PBXFileReference; lastKnownFileType = sourcecode.swift; path = SelectionViewController.swift; sourceTree = "<group>"; };
		66BF20EE24752E2B00A60AB5 /* SelectionCell.swift */ = {isa = PBXFileReference; lastKnownFileType = sourcecode.swift; path = SelectionCell.swift; sourceTree = "<group>"; };
		66BF20EF24752E2B00A60AB5 /* SelectionCell.xib */ = {isa = PBXFileReference; lastKnownFileType = file.xib; path = SelectionCell.xib; sourceTree = "<group>"; };
		66E60F9E2427D1C900C5E2BB /* ZJBaseTableViewController.swift */ = {isa = PBXFileReference; fileEncoding = 4; lastKnownFileType = sourcecode.swift; path = ZJBaseTableViewController.swift; sourceTree = "<group>"; };
		66E60F9F2427D1C900C5E2BB /* ZJTextView.swift */ = {isa = PBXFileReference; fileEncoding = 4; lastKnownFileType = sourcecode.swift; path = ZJTextView.swift; sourceTree = "<group>"; };
		8F450804244CBDB7007C123E /* ZJTableViewManager.framework */ = {isa = PBXFileReference; explicitFileType = wrapper.framework; path = ZJTableViewManager.framework; sourceTree = BUILT_PRODUCTS_DIR; };
		8FDF516324476C5300A4AB92 /* NormalExample-Bridging-Header.h */ = {isa = PBXFileReference; lastKnownFileType = sourcecode.c.h; path = "NormalExample-Bridging-Header.h"; sourceTree = "<group>"; };
		8FDF516424476C5400A4AB92 /* test.m */ = {isa = PBXFileReference; lastKnownFileType = sourcecode.c.objc; path = test.m; sourceTree = "<group>"; };
		8FDF51B324476D4F00A4AB92 /* YYFPSLabel.h */ = {isa = PBXFileReference; fileEncoding = 4; lastKnownFileType = sourcecode.c.h; path = YYFPSLabel.h; sourceTree = "<group>"; };
		8FDF51B424476D4F00A4AB92 /* YYFPSLabel.m */ = {isa = PBXFileReference; fileEncoding = 4; lastKnownFileType = sourcecode.c.objc; path = YYFPSLabel.m; sourceTree = "<group>"; };
		8FDF51B92447715B00A4AB92 /* YYWeakProxy.m */ = {isa = PBXFileReference; fileEncoding = 4; lastKnownFileType = sourcecode.c.objc; path = YYWeakProxy.m; sourceTree = "<group>"; };
		8FDF51BA2447715B00A4AB92 /* YYWeakProxy.h */ = {isa = PBXFileReference; fileEncoding = 4; lastKnownFileType = sourcecode.c.h; path = YYWeakProxy.h; sourceTree = "<group>"; };
/* End PBXFileReference section */

/* Begin PBXFrameworksBuildPhase section */
		660D6D50231E5F39009741A7 /* Frameworks */ = {
			isa = PBXFrameworksBuildPhase;
			buildActionMask = 2147483647;
			files = (
				EA2863A4292103F6000C08FD /* ZJTableViewManager.framework in Frameworks */,
			);
			runOnlyForDeploymentPostprocessing = 0;
		};
/* End PBXFrameworksBuildPhase section */

/* Begin PBXGroup section */
		3E388B120F0901220D1F1B2A /* Frameworks */ = {
			isa = PBXGroup;
			children = (
				8F450804244CBDB7007C123E /* ZJTableViewManager.framework */,
				31648C5FE3FCA399246CC396 /* Pods_ZJTableViewDemo_NormalExample.framework */,
			);
			name = Frameworks;
			sourceTree = "<group>";
		};
		5C8FC7F4CDB0A313C90B1529 /* Pods */ = {
			isa = PBXGroup;
			children = (
				41098006C16FC66E334ACAE8 /* Pods-ZJTableViewDemo-NormalExample.debug.xcconfig */,
				5EF0B71C17BB9887757FB3D6 /* Pods-ZJTableViewDemo-NormalExample.release.xcconfig */,
			);
			name = Pods;
			path = ../Pods;
			sourceTree = "<group>";
		};
		660D6D4A231E5F39009741A7 = {
			isa = PBXGroup;
			children = (
				660D6D68231E5F52009741A7 /* NormalExample */,
				660D6D54231E5F39009741A7 /* Products */,
				5C8FC7F4CDB0A313C90B1529 /* Pods */,
				3E388B120F0901220D1F1B2A /* Frameworks */,
			);
			sourceTree = "<group>";
		};
		660D6D54231E5F39009741A7 /* Products */ = {
			isa = PBXGroup;
			children = (
				660D6D53231E5F39009741A7 /* NormalExample.app */,
			);
			name = Products;
			sourceTree = "<group>";
		};
		660D6D68231E5F52009741A7 /* NormalExample */ = {
			isa = PBXGroup;
			children = (
				660D6D69231E5F52009741A7 /* DemoViewController.swift */,
				660D6D8D231E5F52009741A7 /* AutomaticHeightDemo */,
				660D6D7D231E5F52009741A7 /* AccordionEffectDemo */,
				667B07BF243C2772008D959C /* Resource */,
				660D6D78231E5F52009741A7 /* EditingViewController.swift */,
				667B07C0243C27F8008D959C /* Basic */,
				660D6D6B231E5F52009741A7 /* RetractableViewController.swift */,
				660D6D6C231E5F52009741A7 /* SectionsViewController.swift */,
				66BF20ED24752DD800A60AB5 /* Selection */,
				660D6D79231E5F52009741A7 /* UpdateHeight */,
			);
			path = NormalExample;
			sourceTree = "<group>";
		};
		660D6D79231E5F52009741A7 /* UpdateHeight */ = {
			isa = PBXGroup;
			children = (
				660D6D7A231E5F52009741A7 /* CardTableViewCell.swift */,
				660D6D7C231E5F52009741A7 /* CardTableViewCell.xib */,
				660D6D7B231E5F52009741A7 /* UpdateHeightViewController.swift */,
			);
			path = UpdateHeight;
			sourceTree = "<group>";
		};
		660D6D7D231E5F52009741A7 /* AccordionEffectDemo */ = {
			isa = PBXGroup;
			children = (
				660D6D87231E5F52009741A7 /* AccordionEffectDemoVC.swift */,
				660D6D7E231E5F52009741A7 /* Cells */,
			);
			path = AccordionEffectDemo;
			sourceTree = "<group>";
		};
		660D6D7E231E5F52009741A7 /* Cells */ = {
			isa = PBXGroup;
			children = (
				660D6D84231E5F52009741A7 /* Level0Cell.swift */,
				660D6D80231E5F52009741A7 /* Level0Cell.xib */,
				660D6D81231E5F52009741A7 /* Level1Cell.swift */,
				660D6D7F231E5F52009741A7 /* Level1Cell.xib */,
				660D6D86231E5F52009741A7 /* Level2Cell.swift */,
				660D6D82231E5F52009741A7 /* Level2Cell.xib */,
				660D6D85231E5F52009741A7 /* Level3Cell.swift */,
				660D6D83231E5F52009741A7 /* Level3Cell.xib */,
				662ABE7A2446E60B00A6A603 /* CustomExpandButtonCell.swift */,
				662ABE7B2446E60B00A6A603 /* CustomExpandButtonCell.xib */,
			);
			path = Cells;
			sourceTree = "<group>";
		};
		660D6D8D231E5F52009741A7 /* AutomaticHeightDemo */ = {
			isa = PBXGroup;
			children = (
				660D6D92231E5F52009741A7 /* AutomaticHeightCell */,
				660D6D8E231E5F52009741A7 /* AutomaticHeightViewController.swift */,
				662ABE78244559D200A6A603 /* Data.swift */,
			);
			path = AutomaticHeightDemo;
			sourceTree = "<group>";
		};
		660D6D92231E5F52009741A7 /* AutomaticHeightCell */ = {
			isa = PBXGroup;
			children = (
				660D6D93231E5F52009741A7 /* AutomaticHeightCell.xib */,
				660D6D94231E5F52009741A7 /* AutomaticHeightCell.swift */,
			);
			path = AutomaticHeightCell;
			sourceTree = "<group>";
		};
		662ABE6B2445516300A6A603 /* Cells */ = {
			isa = PBXGroup;
			children = (
				662ABE702445516300A6A603 /* ZJSwitchCell.swift */,
				662ABE6C2445516300A6A603 /* ZJSwitchCell.xib */,
				662ABE712445516300A6A603 /* ZJTextCell.swift */,
				662ABE6E2445516300A6A603 /* ZJTextCell.xib */,
				662ABE6F2445516300A6A603 /* ZJTextFieldCell.swift */,
				662ABE6D2445516300A6A603 /* ZJTextFieldCell.xib */,
			);
			path = Cells;
			sourceTree = "<group>";
		};
		667B07BF243C2772008D959C /* Resource */ = {
			isa = PBXGroup;
			children = (
				8FDF51BC2447715F00A4AB92 /* FPS */,
				66E60F9E2427D1C900C5E2BB /* ZJBaseTableViewController.swift */,
				66E60F9F2427D1C900C5E2BB /* ZJTextView.swift */,
				660D6D8C231E5F52009741A7 /* AppDelegate.swift */,
				660D6D76231E5F52009741A7 /* Assets.xcassets */,
				660D6D98231E5F52009741A7 /* Info-manager.plist */,
				660D6D88231E5F52009741A7 /* LaunchScreen.storyboard */,
				660D6D8A231E5F52009741A7 /* Main.storyboard */,
				8FDF516424476C5400A4AB92 /* test.m */,
				8FDF516324476C5300A4AB92 /* NormalExample-Bridging-Header.h */,
			);
			path = Resource;
			sourceTree = "<group>";
		};
		667B07C0243C27F8008D959C /* Basic */ = {
			isa = PBXGroup;
			children = (
				66A7FDEE244705E90003BC69 /* CustomHeader */,
				662ABE6B2445516300A6A603 /* Cells */,
				660D6D77231E5F52009741A7 /* BasicViewController.swift */,
			);
			path = Basic;
			sourceTree = "<group>";
		};
		66A7FDEE244705E90003BC69 /* CustomHeader */ = {
			isa = PBXGroup;
			children = (
				66A7FDEF2447062A0003BC69 /* CustomSectionHeaderView.xib */,
				66A7FDF1244706390003BC69 /* CustomSectionHeaderView.swift */,
			);
			path = CustomHeader;
			sourceTree = "<group>";
		};
		66BF20ED24752DD800A60AB5 /* Selection */ = {
			isa = PBXGroup;
			children = (
				66BF20EB24752CC600A60AB5 /* SelectionViewController.swift */,
				66BF20EE24752E2B00A60AB5 /* SelectionCell.swift */,
				66BF20EF24752E2B00A60AB5 /* SelectionCell.xib */,
			);
			path = Selection;
			sourceTree = "<group>";
		};
		8FDF51BC2447715F00A4AB92 /* FPS */ = {
			isa = PBXGroup;
			children = (
				8FDF51B324476D4F00A4AB92 /* YYFPSLabel.h */,
				8FDF51B424476D4F00A4AB92 /* YYFPSLabel.m */,
				8FDF51BA2447715B00A4AB92 /* YYWeakProxy.h */,
				8FDF51B92447715B00A4AB92 /* YYWeakProxy.m */,
			);
			path = FPS;
			sourceTree = "<group>";
		};
/* End PBXGroup section */

/* Begin PBXNativeTarget section */
		660D6D52231E5F39009741A7 /* NormalExample */ = {
			isa = PBXNativeTarget;
			buildConfigurationList = 660D6D65231E5F3A009741A7 /* Build configuration list for PBXNativeTarget "NormalExample" */;
			buildPhases = (
				2BB595C8AEED56A6E49176E7 /* [CP] Check Pods Manifest.lock */,
				660D6D4F231E5F39009741A7 /* Sources */,
				660D6D50231E5F39009741A7 /* Frameworks */,
				660D6D51231E5F39009741A7 /* Resources */,
				FCD5D2965C29E245DF5D4F10 /* [CP] Embed Pods Frameworks */,
				EA2863A6292103F6000C08FD /* Embed Frameworks */,
			);
			buildRules = (
			);
			dependencies = (
			);
			name = NormalExample;
			productName = NormalExample;
			productReference = 660D6D53231E5F39009741A7 /* NormalExample.app */;
			productType = "com.apple.product-type.application";
		};
/* End PBXNativeTarget section */

/* Begin PBXProject section */
		660D6D4B231E5F39009741A7 /* Project object */ = {
			isa = PBXProject;
			attributes = {
				LastSwiftUpdateCheck = 1030;
				LastUpgradeCheck = 1030;
				ORGANIZATIONNAME = "Green Dot";
				TargetAttributes = {
					660D6D52231E5F39009741A7 = {
						CreatedOnToolsVersion = 10.3;
						LastSwiftMigration = 1130;
					};
				};
			};
			buildConfigurationList = 660D6D4E231E5F39009741A7 /* Build configuration list for PBXProject "NormalExample" */;
			compatibilityVersion = "Xcode 9.3";
			developmentRegion = en;
			hasScannedForEncodings = 0;
			knownRegions = (
				en,
				Base,
			);
			mainGroup = 660D6D4A231E5F39009741A7;
			productRefGroup = 660D6D54231E5F39009741A7 /* Products */;
			projectDirPath = "";
			projectRoot = "";
			targets = (
				660D6D52231E5F39009741A7 /* NormalExample */,
			);
		};
/* End PBXProject section */

/* Begin PBXResourcesBuildPhase section */
		660D6D51231E5F39009741A7 /* Resources */ = {
			isa = PBXResourcesBuildPhase;
			buildActionMask = 2147483647;
			files = (
				66A7FDF02447062A0003BC69 /* CustomSectionHeaderView.xib in Resources */,
				660D6DA9231E5F53009741A7 /* Level1Cell.xib in Resources */,
				660D6DB2231E5F53009741A7 /* LaunchScreen.storyboard in Resources */,
				662ABE732445516300A6A603 /* ZJTextFieldCell.xib in Resources */,
				662ABE722445516300A6A603 /* ZJSwitchCell.xib in Resources */,
				660D6DAC231E5F53009741A7 /* Level2Cell.xib in Resources */,
				662ABE7D2446E60B00A6A603 /* CustomExpandButtonCell.xib in Resources */,
				662ABE742445516300A6A603 /* ZJTextCell.xib in Resources */,
				66BF20F124752E2B00A60AB5 /* SelectionCell.xib in Resources */,
				660D6DA3231E5F53009741A7 /* Assets.xcassets in Resources */,
				660D6DB8231E5F53009741A7 /* AutomaticHeightCell.xib in Resources */,
				660D6DAA231E5F53009741A7 /* Level0Cell.xib in Resources */,
				660D6DAD231E5F53009741A7 /* Level3Cell.xib in Resources */,
				660D6DBC231E5F53009741A7 /* Info-manager.plist in Resources */,
				660D6DB3231E5F53009741A7 /* Main.storyboard in Resources */,
				660D6DA8231E5F53009741A7 /* CardTableViewCell.xib in Resources */,
			);
			runOnlyForDeploymentPostprocessing = 0;
		};
/* End PBXResourcesBuildPhase section */

/* Begin PBXShellScriptBuildPhase section */
		2BB595C8AEED56A6E49176E7 /* [CP] Check Pods Manifest.lock */ = {
			isa = PBXShellScriptBuildPhase;
			buildActionMask = 2147483647;
			files = (
			);
			inputFileListPaths = (
			);
			inputPaths = (
			);
			name = "[CP] Check Pods Manifest.lock";
			outputFileListPaths = (
			);
			outputPaths = (
			);
			runOnlyForDeploymentPostprocessing = 0;
			shellPath = /bin/sh;
			shellScript = "
";
			showEnvVarsInLog = 0;
		};
		FCD5D2965C29E245DF5D4F10 /* [CP] Embed Pods Frameworks */ = {
			isa = PBXShellScriptBuildPhase;
			buildActionMask = 2147483647;
			files = (
			);
			inputFileListPaths = (
			);
			name = "[CP] Embed Pods Frameworks";
			outputFileListPaths = (
			);
			runOnlyForDeploymentPostprocessing = 0;
			shellPath = /bin/sh;
			shellScript = "
";
			showEnvVarsInLog = 0;
		};
/* End PBXShellScriptBuildPhase section */

/* Begin PBXSourcesBuildPhase section */
		660D6D4F231E5F39009741A7 /* Sources */ = {
			isa = PBXSourcesBuildPhase;
			buildActionMask = 2147483647;
			files = (
				660D6D99231E5F53009741A7 /* DemoViewController.swift in Sources */,
				660D6DB0231E5F53009741A7 /* Level2Cell.swift in Sources */,
				8FDF516524476C5400A4AB92 /* test.m in Sources */,
				8FDF51BB2447715B00A4AB92 /* YYWeakProxy.m in Sources */,
				662ABE79244559D200A6A603 /* Data.swift in Sources */,
				660D6DB4231E5F53009741A7 /* AppDelegate.swift in Sources */,
				66E60FB02427D1C900C5E2BB /* ZJBaseTableViewController.swift in Sources */,
				660D6DAE231E5F53009741A7 /* Level0Cell.swift in Sources */,
				660D6DB5231E5F53009741A7 /* AutomaticHeightViewController.swift in Sources */,
				660D6D9C231E5F53009741A7 /* SectionsViewController.swift in Sources */,
				662ABE752445516300A6A603 /* ZJTextFieldCell.swift in Sources */,
				66E60FB12427D1C900C5E2BB /* ZJTextView.swift in Sources */,
				66A7FDF2244706390003BC69 /* CustomSectionHeaderView.swift in Sources */,
				662ABE7C2446E60B00A6A603 /* CustomExpandButtonCell.swift in Sources */,
				660D6DB1231E5F53009741A7 /* AccordionEffectDemoVC.swift in Sources */,
				660D6DAF231E5F53009741A7 /* Level3Cell.swift in Sources */,
				66BF20F024752E2B00A60AB5 /* SelectionCell.swift in Sources */,
				662ABE762445516300A6A603 /* ZJSwitchCell.swift in Sources */,
				662ABE772445516300A6A603 /* ZJTextCell.swift in Sources */,
				660D6DA6231E5F53009741A7 /* CardTableViewCell.swift in Sources */,
				660D6DA7231E5F53009741A7 /* UpdateHeightViewController.swift in Sources */,
				8FDF51B524476D4F00A4AB92 /* YYFPSLabel.m in Sources */,
				660D6DA5231E5F53009741A7 /* EditingViewController.swift in Sources */,
				66BF20EC24752CC600A60AB5 /* SelectionViewController.swift in Sources */,
				660D6DAB231E5F53009741A7 /* Level1Cell.swift in Sources */,
				660D6DB9231E5F53009741A7 /* AutomaticHeightCell.swift in Sources */,
				660D6D9B231E5F53009741A7 /* RetractableViewController.swift in Sources */,
				660D6DA4231E5F53009741A7 /* BasicViewController.swift in Sources */,
			);
			runOnlyForDeploymentPostprocessing = 0;
		};
/* End PBXSourcesBuildPhase section */

/* Begin PBXVariantGroup section */
		660D6D88231E5F52009741A7 /* LaunchScreen.storyboard */ = {
			isa = PBXVariantGroup;
			children = (
				660D6D89231E5F52009741A7 /* Base */,
			);
			name = LaunchScreen.storyboard;
			sourceTree = "<group>";
		};
		660D6D8A231E5F52009741A7 /* Main.storyboard */ = {
			isa = PBXVariantGroup;
			children = (
				660D6D8B231E5F52009741A7 /* Base */,
			);
			name = Main.storyboard;
			sourceTree = "<group>";
		};
/* End PBXVariantGroup section */

/* Begin XCBuildConfiguration section */
		660D6D63231E5F3A009741A7 /* Debug */ = {
			isa = XCBuildConfiguration;
			buildSettings = {
				ALWAYS_SEARCH_USER_PATHS = NO;
				CLANG_ANALYZER_NONNULL = YES;
				CLANG_ANALYZER_NUMBER_OBJECT_CONVERSION = YES_AGGRESSIVE;
				CLANG_CXX_LANGUAGE_STANDARD = "gnu++14";
				CLANG_CXX_LIBRARY = "libc++";
				CLANG_ENABLE_MODULES = YES;
				CLANG_ENABLE_OBJC_ARC = YES;
				CLANG_ENABLE_OBJC_WEAK = YES;
				CLANG_WARN_BLOCK_CAPTURE_AUTORELEASING = YES;
				CLANG_WARN_BOOL_CONVERSION = YES;
				CLANG_WARN_COMMA = YES;
				CLANG_WARN_CONSTANT_CONVERSION = YES;
				CLANG_WARN_DEPRECATED_OBJC_IMPLEMENTATIONS = YES;
				CLANG_WARN_DIRECT_OBJC_ISA_USAGE = YES_ERROR;
				CLANG_WARN_DOCUMENTATION_COMMENTS = YES;
				CLANG_WARN_EMPTY_BODY = YES;
				CLANG_WARN_ENUM_CONVERSION = YES;
				CLANG_WARN_INFINITE_RECURSION = YES;
				CLANG_WARN_INT_CONVERSION = YES;
				CLANG_WARN_NON_LITERAL_NULL_CONVERSION = YES;
				CLANG_WARN_OBJC_IMPLICIT_RETAIN_SELF = YES;
				CLANG_WARN_OBJC_LITERAL_CONVERSION = YES;
				CLANG_WARN_OBJC_ROOT_CLASS = YES_ERROR;
				CLANG_WARN_RANGE_LOOP_ANALYSIS = YES;
				CLANG_WARN_STRICT_PROTOTYPES = YES;
				CLANG_WARN_SUSPICIOUS_MOVE = YES;
				CLANG_WARN_UNGUARDED_AVAILABILITY = YES_AGGRESSIVE;
				CLANG_WARN_UNREACHABLE_CODE = YES;
				CLANG_WARN__DUPLICATE_METHOD_MATCH = YES;
				CODE_SIGN_IDENTITY = "iPhone Developer";
				COPY_PHASE_STRIP = NO;
				DEBUG_INFORMATION_FORMAT = dwarf;
				ENABLE_STRICT_OBJC_MSGSEND = YES;
				ENABLE_TESTABILITY = YES;
				GCC_C_LANGUAGE_STANDARD = gnu11;
				GCC_DYNAMIC_NO_PIC = NO;
				GCC_NO_COMMON_BLOCKS = YES;
				GCC_OPTIMIZATION_LEVEL = 0;
				GCC_PREPROCESSOR_DEFINITIONS = (
					"DEBUG=1",
					"$(inherited)",
				);
				GCC_WARN_64_TO_32_BIT_CONVERSION = YES;
				GCC_WARN_ABOUT_RETURN_TYPE = YES_ERROR;
				GCC_WARN_UNDECLARED_SELECTOR = YES;
				GCC_WARN_UNINITIALIZED_AUTOS = YES_AGGRESSIVE;
				GCC_WARN_UNUSED_FUNCTION = YES;
				GCC_WARN_UNUSED_VARIABLE = YES;
				IPHONEOS_DEPLOYMENT_TARGET = 12.4;
				MTL_ENABLE_DEBUG_INFO = INCLUDE_SOURCE;
				MTL_FAST_MATH = YES;
				ONLY_ACTIVE_ARCH = YES;
				SDKROOT = iphoneos;
				SWIFT_ACTIVE_COMPILATION_CONDITIONS = DEBUG;
				SWIFT_OPTIMIZATION_LEVEL = "-Onone";
			};
			name = Debug;
		};
		660D6D64231E5F3A009741A7 /* Release */ = {
			isa = XCBuildConfiguration;
			buildSettings = {
				ALWAYS_SEARCH_USER_PATHS = NO;
				CLANG_ANALYZER_NONNULL = YES;
				CLANG_ANALYZER_NUMBER_OBJECT_CONVERSION = YES_AGGRESSIVE;
				CLANG_CXX_LANGUAGE_STANDARD = "gnu++14";
				CLANG_CXX_LIBRARY = "libc++";
				CLANG_ENABLE_MODULES = YES;
				CLANG_ENABLE_OBJC_ARC = YES;
				CLANG_ENABLE_OBJC_WEAK = YES;
				CLANG_WARN_BLOCK_CAPTURE_AUTORELEASING = YES;
				CLANG_WARN_BOOL_CONVERSION = YES;
				CLANG_WARN_COMMA = YES;
				CLANG_WARN_CONSTANT_CONVERSION = YES;
				CLANG_WARN_DEPRECATED_OBJC_IMPLEMENTATIONS = YES;
				CLANG_WARN_DIRECT_OBJC_ISA_USAGE = YES_ERROR;
				CLANG_WARN_DOCUMENTATION_COMMENTS = YES;
				CLANG_WARN_EMPTY_BODY = YES;
				CLANG_WARN_ENUM_CONVERSION = YES;
				CLANG_WARN_INFINITE_RECURSION = YES;
				CLANG_WARN_INT_CONVERSION = YES;
				CLANG_WARN_NON_LITERAL_NULL_CONVERSION = YES;
				CLANG_WARN_OBJC_IMPLICIT_RETAIN_SELF = YES;
				CLANG_WARN_OBJC_LITERAL_CONVERSION = YES;
				CLANG_WARN_OBJC_ROOT_CLASS = YES_ERROR;
				CLANG_WARN_RANGE_LOOP_ANALYSIS = YES;
				CLANG_WARN_STRICT_PROTOTYPES = YES;
				CLANG_WARN_SUSPICIOUS_MOVE = YES;
				CLANG_WARN_UNGUARDED_AVAILABILITY = YES_AGGRESSIVE;
				CLANG_WARN_UNREACHABLE_CODE = YES;
				CLANG_WARN__DUPLICATE_METHOD_MATCH = YES;
				CODE_SIGN_IDENTITY = "iPhone Developer";
				COPY_PHASE_STRIP = NO;
				DEBUG_INFORMATION_FORMAT = "dwarf-with-dsym";
				ENABLE_NS_ASSERTIONS = NO;
				ENABLE_STRICT_OBJC_MSGSEND = YES;
				GCC_C_LANGUAGE_STANDARD = gnu11;
				GCC_NO_COMMON_BLOCKS = YES;
				GCC_WARN_64_TO_32_BIT_CONVERSION = YES;
				GCC_WARN_ABOUT_RETURN_TYPE = YES_ERROR;
				GCC_WARN_UNDECLARED_SELECTOR = YES;
				GCC_WARN_UNINITIALIZED_AUTOS = YES_AGGRESSIVE;
				GCC_WARN_UNUSED_FUNCTION = YES;
				GCC_WARN_UNUSED_VARIABLE = YES;
				IPHONEOS_DEPLOYMENT_TARGET = 12.4;
				MTL_ENABLE_DEBUG_INFO = NO;
				MTL_FAST_MATH = YES;
				SDKROOT = iphoneos;
				SWIFT_COMPILATION_MODE = wholemodule;
				SWIFT_OPTIMIZATION_LEVEL = "-O";
				VALIDATE_PRODUCT = YES;
			};
			name = Release;
		};
		660D6D66231E5F3A009741A7 /* Debug */ = {
			isa = XCBuildConfiguration;
			buildSettings = {
				ASSETCATALOG_COMPILER_APPICON_NAME = AppIcon;
				CLANG_ENABLE_MODULES = YES;
				CODE_SIGN_STYLE = Automatic;
				DEVELOPMENT_TEAM = 4WRSWKXL27;
				INFOPLIST_FILE = "$(SRCROOT)/NormalExample/Resource/Info-manager.plist";
				IPHONEOS_DEPLOYMENT_TARGET = 9.0;
				LD_RUNPATH_SEARCH_PATHS = (
					"$(inherited)",
					"@executable_path/Frameworks",
				);
				PRODUCT_BUNDLE_IDENTIFIER = ZJTableViewManager.demo;
				PRODUCT_NAME = "$(TARGET_NAME)";
				SWIFT_OBJC_BRIDGING_HEADER = "NormalExample/Resource/NormalExample-Bridging-Header.h";
				SWIFT_OPTIMIZATION_LEVEL = "-Onone";
				SWIFT_VERSION = 5.0;
				TARGETED_DEVICE_FAMILY = "1,2";
			};
			name = Debug;
		};
		660D6D67231E5F3A009741A7 /* Release */ = {
			isa = XCBuildConfiguration;
			buildSettings = {
				ASSETCATALOG_COMPILER_APPICON_NAME = AppIcon;
				CLANG_ENABLE_MODULES = YES;
				CODE_SIGN_STYLE = Automatic;
				DEVELOPMENT_TEAM = 4WRSWKXL27;
				INFOPLIST_FILE = "$(SRCROOT)/NormalExample/Resource/Info-manager.plist";
				IPHONEOS_DEPLOYMENT_TARGET = 9.0;
				LD_RUNPATH_SEARCH_PATHS = (
					"$(inherited)",
					"@executable_path/Frameworks",
				);
				PRODUCT_BUNDLE_IDENTIFIER = ZJTableViewManager.demo;
				PRODUCT_NAME = "$(TARGET_NAME)";
				SWIFT_OBJC_BRIDGING_HEADER = "NormalExample/Resource/NormalExample-Bridging-Header.h";
				SWIFT_VERSION = 5.0;
				TARGETED_DEVICE_FAMILY = "1,2";
			};
			name = Release;
		};
/* End XCBuildConfiguration section */

/* Begin XCConfigurationList section */
		660D6D4E231E5F39009741A7 /* Build configuration list for PBXProject "NormalExample" */ = {
			isa = XCConfigurationList;
			buildConfigurations = (
				660D6D63231E5F3A009741A7 /* Debug */,
				660D6D64231E5F3A009741A7 /* Release */,
			);
			defaultConfigurationIsVisible = 0;
			defaultConfigurationName = Release;
		};
		660D6D65231E5F3A009741A7 /* Build configuration list for PBXNativeTarget "NormalExample" */ = {
			isa = XCConfigurationList;
			buildConfigurations = (
				660D6D66231E5F3A009741A7 /* Debug */,
				660D6D67231E5F3A009741A7 /* Release */,
			);
			defaultConfigurationIsVisible = 0;
			defaultConfigurationName = Release;
		};
/* End XCConfigurationList section */
	};
	rootObject = 660D6D4B231E5F39009741A7 /* Project object */;
}
