// !$*UTF8*$!
{
	archiveVersion = 1;
	classes = {
	};
	objectVersion = 48;
	objects = {

/* Begin PBXBuildFile section */
		8FA173A1205953B800824DF1 /* AppDelegate.swift in Sources */ = {isa = PBXBuildFile; fileRef = 8FA173A0205953B800824DF1 /* AppDelegate.swift */; };
		8FA173A3205953B800824DF1 /* ViewController.swift in Sources */ = {isa = PBXBuildFile; fileRef = 8FA173A2205953B800824DF1 /* ViewController.swift */; };
		8FA173A6205953B800824DF1 /* Main.storyboard in Resources */ = {isa = PBXBuildFile; fileRef = 8FA173A4205953B800824DF1 /* Main.storyboard */; };
		8FA173A8205953B800824DF1 /* Assets.xcassets in Resources */ = {isa = PBXBuildFile; fileRef = 8FA173A7205953B800824DF1 /* Assets.xcassets */; };
		8FA173AB205953B800824DF1 /* LaunchScreen.storyboard in Resources */ = {isa = PBXBuildFile; fileRef = 8FA173A9205953B800824DF1 /* LaunchScreen.storyboard */; };
		8FA173C5205953E300824DF1 /* ZJBaseTableViewController.swift in Sources */ = {isa = PBXBuildFile; fileRef = 8FA173B4205953E300824DF1 /* ZJBaseTableViewController.swift */; };
		8FA173C6205953E300824DF1 /* ZJTextView.swift in Sources */ = {isa = PBXBuildFile; fileRef = 8FA173B5205953E300824DF1 /* ZJTextView.swift */; };
		8FA173C7205953E300824DF1 /* ZJSwitchCell.xib in Resources */ = {isa = PBXBuildFile; fileRef = 8FA173B7205953E300824DF1 /* ZJSwitchCell.xib */; };
		8FA173C8205953E300824DF1 /* ZJTextFieldCell.xib in Resources */ = {isa = PBXBuildFile; fileRef = 8FA173B8205953E300824DF1 /* ZJTextFieldCell.xib */; };
		8FA173C9205953E300824DF1 /* ZJTextCell.xib in Resources */ = {isa = PBXBuildFile; fileRef = 8FA173B9205953E300824DF1 /* ZJTextCell.xib */; };
		8FA173CA205953E300824DF1 /* ZJTextItem.swift in Sources */ = {isa = PBXBuildFile; fileRef = 8FA173BA205953E300824DF1 /* ZJTextItem.swift */; };
		8FA173CB205953E300824DF1 /* ZJSwitchItem.swift in Sources */ = {isa = PBXBuildFile; fileRef = 8FA173BB205953E300824DF1 /* ZJSwitchItem.swift */; };
		8FA173CC205953E300824DF1 /* ZJTextFieldItem.swift in Sources */ = {isa = PBXBuildFile; fileRef = 8FA173BC205953E300824DF1 /* ZJTextFieldItem.swift */; };
		8FA173CD205953E300824DF1 /* ZJTextFieldCell.swift in Sources */ = {isa = PBXBuildFile; fileRef = 8FA173BD205953E300824DF1 /* ZJTextFieldCell.swift */; };
		8FA173CE205953E300824DF1 /* ZJSwitchCell.swift in Sources */ = {isa = PBXBuildFile; fileRef = 8FA173BE205953E300824DF1 /* ZJSwitchCell.swift */; };
		8FA173CF205953E300824DF1 /* ZJTextCell.swift in Sources */ = {isa = PBXBuildFile; fileRef = 8FA173BF205953E300824DF1 /* ZJTextCell.swift */; };
		8FA173D0205953E300824DF1 /* ZJTableViewSection.swift in Sources */ = {isa = PBXBuildFile; fileRef = 8FA173C1205953E300824DF1 /* ZJTableViewSection.swift */; };
		8FA173D1205953E300824DF1 /* ZJTableViewItem.swift in Sources */ = {isa = PBXBuildFile; fileRef = 8FA173C2205953E300824DF1 /* ZJTableViewItem.swift */; };
		8FA173D2205953E300824DF1 /* ZJTableViewManager.swift in Sources */ = {isa = PBXBuildFile; fileRef = 8FA173C3205953E300824DF1 /* ZJTableViewManager.swift */; };
		8FA173D3205953E300824DF1 /* ZJTableViewCell.swift in Sources */ = {isa = PBXBuildFile; fileRef = 8FA173C4205953E300824DF1 /* ZJTableViewCell.swift */; };
/* End PBXBuildFile section */

/* Begin PBXFileReference section */
		8FA1739D205953B800824DF1 /* Demo2.app */ = {isa = PBXFileReference; explicitFileType = wrapper.application; includeInIndex = 0; path = Demo2.app; sourceTree = BUILT_PRODUCTS_DIR; };
		8FA173A0205953B800824DF1 /* AppDelegate.swift */ = {isa = PBXFileReference; lastKnownFileType = sourcecode.swift; path = AppDelegate.swift; sourceTree = "<group>"; };
		8FA173A2205953B800824DF1 /* ViewController.swift */ = {isa = PBXFileReference; lastKnownFileType = sourcecode.swift; path = ViewController.swift; sourceTree = "<group>"; };
		8FA173A5205953B800824DF1 /* Base */ = {isa = PBXFileReference; lastKnownFileType = file.storyboard; name = Base; path = Base.lproj/Main.storyboard; sourceTree = "<group>"; };
		8FA173A7205953B800824DF1 /* Assets.xcassets */ = {isa = PBXFileReference; lastKnownFileType = folder.assetcatalog; path = Assets.xcassets; sourceTree = "<group>"; };
		8FA173AA205953B800824DF1 /* Base */ = {isa = PBXFileReference; lastKnownFileType = file.storyboard; name = Base; path = Base.lproj/LaunchScreen.storyboard; sourceTree = "<group>"; };
		8FA173AC205953B800824DF1 /* Info.plist */ = {isa = PBXFileReference; lastKnownFileType = text.plist.xml; path = Info.plist; sourceTree = "<group>"; };
		8FA173B4205953E300824DF1 /* ZJBaseTableViewController.swift */ = {isa = PBXFileReference; fileEncoding = 4; lastKnownFileType = sourcecode.swift; path = ZJBaseTableViewController.swift; sourceTree = "<group>"; };
		8FA173B5205953E300824DF1 /* ZJTextView.swift */ = {isa = PBXFileReference; fileEncoding = 4; lastKnownFileType = sourcecode.swift; path = ZJTextView.swift; sourceTree = "<group>"; };
		8FA173B7205953E300824DF1 /* ZJSwitchCell.xib */ = {isa = PBXFileReference; fileEncoding = 4; lastKnownFileType = file.xib; path = ZJSwitchCell.xib; sourceTree = "<group>"; };
		8FA173B8205953E300824DF1 /* ZJTextFieldCell.xib */ = {isa = PBXFileReference; fileEncoding = 4; lastKnownFileType = file.xib; path = ZJTextFieldCell.xib; sourceTree = "<group>"; };
		8FA173B9205953E300824DF1 /* ZJTextCell.xib */ = {isa = PBXFileReference; fileEncoding = 4; lastKnownFileType = file.xib; path = ZJTextCell.xib; sourceTree = "<group>"; };
		8FA173BA205953E300824DF1 /* ZJTextItem.swift */ = {isa = PBXFileReference; fileEncoding = 4; lastKnownFileType = sourcecode.swift; path = ZJTextItem.swift; sourceTree = "<group>"; };
		8FA173BB205953E300824DF1 /* ZJSwitchItem.swift */ = {isa = PBXFileReference; fileEncoding = 4; lastKnownFileType = sourcecode.swift; path = ZJSwitchItem.swift; sourceTree = "<group>"; };
		8FA173BC205953E300824DF1 /* ZJTextFieldItem.swift */ = {isa = PBXFileReference; fileEncoding = 4; lastKnownFileType = sourcecode.swift; path = ZJTextFieldItem.swift; sourceTree = "<group>"; };
		8FA173BD205953E300824DF1 /* ZJTextFieldCell.swift */ = {isa = PBXFileReference; fileEncoding = 4; lastKnownFileType = sourcecode.swift; path = ZJTextFieldCell.swift; sourceTree = "<group>"; };
		8FA173BE205953E300824DF1 /* ZJSwitchCell.swift */ = {isa = PBXFileReference; fileEncoding = 4; lastKnownFileType = sourcecode.swift; path = ZJSwitchCell.swift; sourceTree = "<group>"; };
		8FA173BF205953E300824DF1 /* ZJTextCell.swift */ = {isa = PBXFileReference; fileEncoding = 4; lastKnownFileType = sourcecode.swift; path = ZJTextCell.swift; sourceTree = "<group>"; };
		8FA173C1205953E300824DF1 /* ZJTableViewSection.swift */ = {isa = PBXFileReference; fileEncoding = 4; lastKnownFileType = sourcecode.swift; path = ZJTableViewSection.swift; sourceTree = "<group>"; };
		8FA173C2205953E300824DF1 /* ZJTableViewItem.swift */ = {isa = PBXFileReference; fileEncoding = 4; lastKnownFileType = sourcecode.swift; path = ZJTableViewItem.swift; sourceTree = "<group>"; };
		8FA173C3205953E300824DF1 /* ZJTableViewManager.swift */ = {isa = PBXFileReference; fileEncoding = 4; lastKnownFileType = sourcecode.swift; path = ZJTableViewManager.swift; sourceTree = "<group>"; };
		8FA173C4205953E300824DF1 /* ZJTableViewCell.swift */ = {isa = PBXFileReference; fileEncoding = 4; lastKnownFileType = sourcecode.swift; path = ZJTableViewCell.swift; sourceTree = "<group>"; };
/* End PBXFileReference section */

/* Begin PBXFrameworksBuildPhase section */
		8FA1739A205953B800824DF1 /* Frameworks */ = {
			isa = PBXFrameworksBuildPhase;
			buildActionMask = 2147483647;
			files = (
			);
			runOnlyForDeploymentPostprocessing = 0;
		};
/* End PBXFrameworksBuildPhase section */

/* Begin PBXGroup section */
		8FA17394205953B800824DF1 = {
			isa = PBXGroup;
			children = (
				8FA1739F205953B800824DF1 /* Demo2 */,
				8FA1739E205953B800824DF1 /* Products */,
			);
			sourceTree = "<group>";
		};
		8FA1739E205953B800824DF1 /* Products */ = {
			isa = PBXGroup;
			children = (
				8FA1739D205953B800824DF1 /* Demo2.app */,
			);
			name = Products;
			sourceTree = "<group>";
		};
		8FA1739F205953B800824DF1 /* Demo2 */ = {
			isa = PBXGroup;
			children = (
				8FA173B2205953E300824DF1 /* ZJTableViewManager */,
				8FA173A0205953B800824DF1 /* AppDelegate.swift */,
				8FA173A2205953B800824DF1 /* ViewController.swift */,
				8FA173A4205953B800824DF1 /* Main.storyboard */,
				8FA173A7205953B800824DF1 /* Assets.xcassets */,
				8FA173A9205953B800824DF1 /* LaunchScreen.storyboard */,
				8FA173AC205953B800824DF1 /* Info.plist */,
			);
			path = Demo2;
			sourceTree = "<group>";
		};
		8FA173B2205953E300824DF1 /* ZJTableViewManager */ = {
			isa = PBXGroup;
			children = (
				8FA173B3205953E300824DF1 /* OtherClass */,
				8FA173B6205953E300824DF1 /* Cells */,
				8FA173C0205953E300824DF1 /* Core */,
			);
			name = ZJTableViewManager;
			path = ../../ZJTableViewManager;
			sourceTree = "<group>";
		};
		8FA173B3205953E300824DF1 /* OtherClass */ = {
			isa = PBXGroup;
			children = (
				8FA173B4205953E300824DF1 /* ZJBaseTableViewController.swift */,
				8FA173B5205953E300824DF1 /* ZJTextView.swift */,
			);
			path = OtherClass;
			sourceTree = "<group>";
		};
		8FA173B6205953E300824DF1 /* Cells */ = {
			isa = PBXGroup;
			children = (
				8FA173B7205953E300824DF1 /* ZJSwitchCell.xib */,
				8FA173B8205953E300824DF1 /* ZJTextFieldCell.xib */,
				8FA173B9205953E300824DF1 /* ZJTextCell.xib */,
				8FA173BA205953E300824DF1 /* ZJTextItem.swift */,
				8FA173BB205953E300824DF1 /* ZJSwitchItem.swift */,
				8FA173BC205953E300824DF1 /* ZJTextFieldItem.swift */,
				8FA173BD205953E300824DF1 /* ZJTextFieldCell.swift */,
				8FA173BE205953E300824DF1 /* ZJSwitchCell.swift */,
				8FA173BF205953E300824DF1 /* ZJTextCell.swift */,
			);
			path = Cells;
			sourceTree = "<group>";
		};
		8FA173C0205953E300824DF1 /* Core */ = {
			isa = PBXGroup;
			children = (
				8FA173C1205953E300824DF1 /* ZJTableViewSection.swift */,
				8FA173C2205953E300824DF1 /* ZJTableViewItem.swift */,
				8FA173C3205953E300824DF1 /* ZJTableViewManager.swift */,
				8FA173C4205953E300824DF1 /* ZJTableViewCell.swift */,
			);
			path = Core;
			sourceTree = "<group>";
		};
/* End PBXGroup section */

/* Begin PBXNativeTarget section */
		8FA1739C205953B800824DF1 /* Demo2 */ = {
			isa = PBXNativeTarget;
			buildConfigurationList = 8FA173AF205953B800824DF1 /* Build configuration list for PBXNativeTarget "Demo2" */;
			buildPhases = (
				8FA17399205953B800824DF1 /* Sources */,
				8FA1739A205953B800824DF1 /* Frameworks */,
				8FA1739B205953B800824DF1 /* Resources */,
			);
			buildRules = (
			);
			dependencies = (
			);
			name = Demo2;
			productName = Demo2;
			productReference = 8FA1739D205953B800824DF1 /* Demo2.app */;
			productType = "com.apple.product-type.application";
		};
/* End PBXNativeTarget section */

/* Begin PBXProject section */
		8FA17395205953B800824DF1 /* Project object */ = {
			isa = PBXProject;
			attributes = {
				LastSwiftUpdateCheck = 0920;
				LastUpgradeCheck = 0920;
				ORGANIZATIONNAME = "上海勾芒信息科技";
				TargetAttributes = {
					8FA1739C205953B800824DF1 = {
						CreatedOnToolsVersion = 9.2;
						ProvisioningStyle = Automatic;
					};
				};
			};
			buildConfigurationList = 8FA17398205953B800824DF1 /* Build configuration list for PBXProject "Demo2" */;
			compatibilityVersion = "Xcode 8.0";
			developmentRegion = en;
			hasScannedForEncodings = 0;
			knownRegions = (
				en,
				Base,
			);
			mainGroup = 8FA17394205953B800824DF1;
			productRefGroup = 8FA1739E205953B800824DF1 /* Products */;
			projectDirPath = "";
			projectRoot = "";
			targets = (
				8FA1739C205953B800824DF1 /* Demo2 */,
			);
		};
/* End PBXProject section */

/* Begin PBXResourcesBuildPhase section */
		8FA1739B205953B800824DF1 /* Resources */ = {
			isa = PBXResourcesBuildPhase;
			buildActionMask = 2147483647;
			files = (
				8FA173C8205953E300824DF1 /* ZJTextFieldCell.xib in Resources */,
				8FA173AB205953B800824DF1 /* LaunchScreen.storyboard in Resources */,
				8FA173A8205953B800824DF1 /* Assets.xcassets in Resources */,
				8FA173A6205953B800824DF1 /* Main.storyboard in Resources */,
				8FA173C9205953E300824DF1 /* ZJTextCell.xib in Resources */,
				8FA173C7205953E300824DF1 /* ZJSwitchCell.xib in Resources */,
			);
			runOnlyForDeploymentPostprocessing = 0;
		};
/* End PBXResourcesBuildPhase section */

/* Begin PBXSourcesBuildPhase section */
		8FA17399205953B800824DF1 /* Sources */ = {
			isa = PBXSourcesBuildPhase;
			buildActionMask = 2147483647;
			files = (
				8FA173CC205953E300824DF1 /* ZJTextFieldItem.swift in Sources */,
				8FA173CB205953E300824DF1 /* ZJSwitchItem.swift in Sources */,
				8FA173C5205953E300824DF1 /* ZJBaseTableViewController.swift in Sources */,
				8FA173CA205953E300824DF1 /* ZJTextItem.swift in Sources */,
				8FA173CF205953E300824DF1 /* ZJTextCell.swift in Sources */,
				8FA173A3205953B800824DF1 /* ViewController.swift in Sources */,
				8FA173D1205953E300824DF1 /* ZJTableViewItem.swift in Sources */,
				8FA173CD205953E300824DF1 /* ZJTextFieldCell.swift in Sources */,
				8FA173D0205953E300824DF1 /* ZJTableViewSection.swift in Sources */,
				8FA173D3205953E300824DF1 /* ZJTableViewCell.swift in Sources */,
				8FA173D2205953E300824DF1 /* ZJTableViewManager.swift in Sources */,
				8FA173CE205953E300824DF1 /* ZJSwitchCell.swift in Sources */,
				8FA173A1205953B800824DF1 /* AppDelegate.swift in Sources */,
				8FA173C6205953E300824DF1 /* ZJTextView.swift in Sources */,
			);
			runOnlyForDeploymentPostprocessing = 0;
		};
/* End PBXSourcesBuildPhase section */

/* Begin PBXVariantGroup section */
		8FA173A4205953B800824DF1 /* Main.storyboard */ = {
			isa = PBXVariantGroup;
			children = (
				8FA173A5205953B800824DF1 /* Base */,
			);
			name = Main.storyboard;
			sourceTree = "<group>";
		};
		8FA173A9205953B800824DF1 /* LaunchScreen.storyboard */ = {
			isa = PBXVariantGroup;
			children = (
				8FA173AA205953B800824DF1 /* Base */,
			);
			name = LaunchScreen.storyboard;
			sourceTree = "<group>";
		};
/* End PBXVariantGroup section */

/* Begin XCBuildConfiguration section */
		8FA173AD205953B800824DF1 /* Debug */ = {
			isa = XCBuildConfiguration;
			buildSettings = {
				ALWAYS_SEARCH_USER_PATHS = NO;
				CLANG_ANALYZER_NONNULL = YES;
				CLANG_ANALYZER_NUMBER_OBJECT_CONVERSION = YES_AGGRESSIVE;
				CLANG_CXX_LANGUAGE_STANDARD = "gnu++14";
				CLANG_CXX_LIBRARY = "libc++";
				CLANG_ENABLE_MODULES = YES;
				CLANG_ENABLE_OBJC_ARC = YES;
				CLANG_WARN_BLOCK_CAPTURE_AUTORELEASING = YES;
				CLANG_WARN_BOOL_CONVERSION = YES;
				CLANG_WARN_COMMA = YES;
				CLANG_WARN_CONSTANT_CONVERSION = YES;
				CLANG_WARN_DIRECT_OBJC_ISA_USAGE = YES_ERROR;
				CLANG_WARN_DOCUMENTATION_COMMENTS = YES;
				CLANG_WARN_EMPTY_BODY = YES;
				CLANG_WARN_ENUM_CONVERSION = YES;
				CLANG_WARN_INFINITE_RECURSION = YES;
				CLANG_WARN_INT_CONVERSION = YES;
				CLANG_WARN_NON_LITERAL_NULL_CONVERSION = YES;
				CLANG_WARN_OBJC_LITERAL_CONVERSION = YES;
				CLANG_WARN_OBJC_ROOT_CLASS = YES_ERROR;
				CLANG_WARN_RANGE_LOOP_ANALYSIS = YES;
				CLANG_WARN_STRICT_PROTOTYPES = YES;
				CLANG_WARN_SUSPICIOUS_MOVE = YES;
				CLANG_WARN_UNGUARDED_AVAILABILITY = YES_AGGRESSIVE;
				CLANG_WARN_UNREACHABLE_CODE = YES;
				CLANG_WARN__DUPLICATE_METHOD_MATCH = YES;
				CODE_SIGN_IDENTITY = "iPhone Developer";
				COPY_PHASE_STRIP = NO;
				DEBUG_INFORMATION_FORMAT = dwarf;
				ENABLE_STRICT_OBJC_MSGSEND = YES;
				ENABLE_TESTABILITY = YES;
				GCC_C_LANGUAGE_STANDARD = gnu11;
				GCC_DYNAMIC_NO_PIC = NO;
				GCC_NO_COMMON_BLOCKS = YES;
				GCC_OPTIMIZATION_LEVEL = 0;
				GCC_PREPROCESSOR_DEFINITIONS = (
					"DEBUG=1",
					"$(inherited)",
				);
				GCC_WARN_64_TO_32_BIT_CONVERSION = YES;
				GCC_WARN_ABOUT_RETURN_TYPE = YES_ERROR;
				GCC_WARN_UNDECLARED_SELECTOR = YES;
				GCC_WARN_UNINITIALIZED_AUTOS = YES_AGGRESSIVE;
				GCC_WARN_UNUSED_FUNCTION = YES;
				GCC_WARN_UNUSED_VARIABLE = YES;
				IPHONEOS_DEPLOYMENT_TARGET = 11.2;
				MTL_ENABLE_DEBUG_INFO = YES;
				ONLY_ACTIVE_ARCH = YES;
				SDKROOT = iphoneos;
				SWIFT_ACTIVE_COMPILATION_CONDITIONS = DEBUG;
				SWIFT_OPTIMIZATION_LEVEL = "-Onone";
			};
			name = Debug;
		};
		8FA173AE205953B800824DF1 /* Release */ = {
			isa = XCBuildConfiguration;
			buildSettings = {
				ALWAYS_SEARCH_USER_PATHS = NO;
				CLANG_ANALYZER_NONNULL = YES;
				CLANG_ANALYZER_NUMBER_OBJECT_CONVERSION = YES_AGGRESSIVE;
				CLANG_CXX_LANGUAGE_STANDARD = "gnu++14";
				CLANG_CXX_LIBRARY = "libc++";
				CLANG_ENABLE_MODULES = YES;
				CLANG_ENABLE_OBJC_ARC = YES;
				CLANG_WARN_BLOCK_CAPTURE_AUTORELEASING = YES;
				CLANG_WARN_BOOL_CONVERSION = YES;
				CLANG_WARN_COMMA = YES;
				CLANG_WARN_CONSTANT_CONVERSION = YES;
				CLANG_WARN_DIRECT_OBJC_ISA_USAGE = YES_ERROR;
				CLANG_WARN_DOCUMENTATION_COMMENTS = YES;
				CLANG_WARN_EMPTY_BODY = YES;
				CLANG_WARN_ENUM_CONVERSION = YES;
				CLANG_WARN_INFINITE_RECURSION = YES;
				CLANG_WARN_INT_CONVERSION = YES;
				CLANG_WARN_NON_LITERAL_NULL_CONVERSION = YES;
				CLANG_WARN_OBJC_LITERAL_CONVERSION = YES;
				CLANG_WARN_OBJC_ROOT_CLASS = YES_ERROR;
				CLANG_WARN_RANGE_LOOP_ANALYSIS = YES;
				CLANG_WARN_STRICT_PROTOTYPES = YES;
				CLANG_WARN_SUSPICIOUS_MOVE = YES;
				CLANG_WARN_UNGUARDED_AVAILABILITY = YES_AGGRESSIVE;
				CLANG_WARN_UNREACHABLE_CODE = YES;
				CLANG_WARN__DUPLICATE_METHOD_MATCH = YES;
				CODE_SIGN_IDENTITY = "iPhone Developer";
				COPY_PHASE_STRIP = NO;
				DEBUG_INFORMATION_FORMAT = "dwarf-with-dsym";
				ENABLE_NS_ASSERTIONS = NO;
				ENABLE_STRICT_OBJC_MSGSEND = YES;
				GCC_C_LANGUAGE_STANDARD = gnu11;
				GCC_NO_COMMON_BLOCKS = YES;
				GCC_WARN_64_TO_32_BIT_CONVERSION = YES;
				GCC_WARN_ABOUT_RETURN_TYPE = YES_ERROR;
				GCC_WARN_UNDECLARED_SELECTOR = YES;
				GCC_WARN_UNINITIALIZED_AUTOS = YES_AGGRESSIVE;
				GCC_WARN_UNUSED_FUNCTION = YES;
				GCC_WARN_UNUSED_VARIABLE = YES;
				IPHONEOS_DEPLOYMENT_TARGET = 11.2;
				MTL_ENABLE_DEBUG_INFO = NO;
				SDKROOT = iphoneos;
				SWIFT_OPTIMIZATION_LEVEL = "-Owholemodule";
				VALIDATE_PRODUCT = YES;
			};
			name = Release;
		};
		8FA173B0205953B800824DF1 /* Debug */ = {
			isa = XCBuildConfiguration;
			buildSettings = {
				ASSETCATALOG_COMPILER_APPICON_NAME = AppIcon;
				CODE_SIGN_STYLE = Automatic;
				DEVELOPMENT_TEAM = W54V2VB863;
				INFOPLIST_FILE = Demo2/Info.plist;
				LD_RUNPATH_SEARCH_PATHS = "$(inherited) @executable_path/Frameworks";
				PRODUCT_BUNDLE_IDENTIFIER = com.gomoretech.Demo2;
				PRODUCT_NAME = "$(TARGET_NAME)";
				SWIFT_VERSION = 4.0;
				TARGETED_DEVICE_FAMILY = "1,2";
			};
			name = Debug;
		};
		8FA173B1205953B800824DF1 /* Release */ = {
			isa = XCBuildConfiguration;
			buildSettings = {
				ASSETCATALOG_COMPILER_APPICON_NAME = AppIcon;
				CODE_SIGN_STYLE = Automatic;
				DEVELOPMENT_TEAM = W54V2VB863;
				INFOPLIST_FILE = Demo2/Info.plist;
				LD_RUNPATH_SEARCH_PATHS = "$(inherited) @executable_path/Frameworks";
				PRODUCT_BUNDLE_IDENTIFIER = com.gomoretech.Demo2;
				PRODUCT_NAME = "$(TARGET_NAME)";
				SWIFT_VERSION = 4.0;
				TARGETED_DEVICE_FAMILY = "1,2";
			};
			name = Release;
		};
/* End XCBuildConfiguration section */

/* Begin XCConfigurationList section */
		8FA17398205953B800824DF1 /* Build configuration list for PBXProject "Demo2" */ = {
			isa = XCConfigurationList;
			buildConfigurations = (
				8FA173AD205953B800824DF1 /* Debug */,
				8FA173AE205953B800824DF1 /* Release */,
			);
			defaultConfigurationIsVisible = 0;
			defaultConfigurationName = Release;
		};
		8FA173AF205953B800824DF1 /* Build configuration list for PBXNativeTarget "Demo2" */ = {
			isa = XCConfigurationList;
			buildConfigurations = (
				8FA173B0205953B800824DF1 /* Debug */,
				8FA173B1205953B800824DF1 /* Release */,
			);
			defaultConfigurationIsVisible = 0;
			defaultConfigurationName = Release;
		};
/* End XCConfigurationList section */
	};
	rootObject = 8FA17395205953B800824DF1 /* Project object */;
}
