// !$*UTF8*$!
{
	archiveVersion = 1;
	classes = {
	};
	objectVersion = 48;
	objects = {

/* Begin PBXBuildFile section */
		8F20A23A205422820098929B /* EditingViewController.swift in Sources */ = {isa = PBXBuildFile; fileRef = 8F20A239205422820098929B /* EditingViewController.swift */; };
		8F3786FD2057AB3200BAC618 /* SectionsViewController.swift in Sources */ = {isa = PBXBuildFile; fileRef = 8F3786FC2057AB3200BAC618 /* SectionsViewController.swift */; };
		8F62E6C622BA8C6E00D987F7 /* HeroHeaderView.xib in Resources */ = {isa = PBXBuildFile; fileRef = 8F62E6C522BA8C6E00D987F7 /* HeroHeaderView.xib */; };
		8F62E6C822BA8C8600D987F7 /* HeroHeaderView.swift in Sources */ = {isa = PBXBuildFile; fileRef = 8F62E6C722BA8C8600D987F7 /* HeroHeaderView.swift */; };
		8F62E6CC22BA903300D987F7 /* HeroSkill.swift in Sources */ = {isa = PBXBuildFile; fileRef = 8F62E6CA22BA903300D987F7 /* HeroSkill.swift */; };
		8F62E6CD22BA903300D987F7 /* HeroModel.swift in Sources */ = {isa = PBXBuildFile; fileRef = 8F62E6CB22BA903300D987F7 /* HeroModel.swift */; };
		8F62E6E122BA9C6700D987F7 /* FPSStatusBarWindow.swift in Sources */ = {isa = PBXBuildFile; fileRef = 8F62E6DD22BA9C6600D987F7 /* FPSStatusBarWindow.swift */; };
		8F62E6E222BA9C6700D987F7 /* FPSCounter.swift in Sources */ = {isa = PBXBuildFile; fileRef = 8F62E6DF22BA9C6700D987F7 /* FPSCounter.swift */; };
		8F62E6E322BA9C6700D987F7 /* FPSStatusBarViewController.swift in Sources */ = {isa = PBXBuildFile; fileRef = 8F62E6E022BA9C6700D987F7 /* FPSStatusBarViewController.swift */; };
		8F830AFF22A11F210070E9BB /* ZJExpandTreeCellItem.swift in Sources */ = {isa = PBXBuildFile; fileRef = 8F830AED22A11F210070E9BB /* ZJExpandTreeCellItem.swift */; };
		8F830B0022A11F210070E9BB /* ZJBaseTableViewController.swift in Sources */ = {isa = PBXBuildFile; fileRef = 8F830AEE22A11F210070E9BB /* ZJBaseTableViewController.swift */; };
		8F830B0122A11F210070E9BB /* ZJTextView.swift in Sources */ = {isa = PBXBuildFile; fileRef = 8F830AEF22A11F210070E9BB /* ZJTextView.swift */; };
		8F830B0222A11F210070E9BB /* ZJSwitchCell.xib in Resources */ = {isa = PBXBuildFile; fileRef = 8F830AF122A11F210070E9BB /* ZJSwitchCell.xib */; };
		8F830B0322A11F210070E9BB /* ZJTextFieldCell.xib in Resources */ = {isa = PBXBuildFile; fileRef = 8F830AF222A11F210070E9BB /* ZJTextFieldCell.xib */; };
		8F830B0422A11F210070E9BB /* ZJTextCell.xib in Resources */ = {isa = PBXBuildFile; fileRef = 8F830AF322A11F210070E9BB /* ZJTextCell.xib */; };
		8F830B0522A11F210070E9BB /* ZJTextItem.swift in Sources */ = {isa = PBXBuildFile; fileRef = 8F830AF422A11F210070E9BB /* ZJTextItem.swift */; };
		8F830B0622A11F210070E9BB /* ZJSwitchItem.swift in Sources */ = {isa = PBXBuildFile; fileRef = 8F830AF522A11F210070E9BB /* ZJSwitchItem.swift */; };
		8F830B0722A11F210070E9BB /* ZJTextFieldItem.swift in Sources */ = {isa = PBXBuildFile; fileRef = 8F830AF622A11F210070E9BB /* ZJTextFieldItem.swift */; };
		8F830B0822A11F210070E9BB /* ZJTextFieldCell.swift in Sources */ = {isa = PBXBuildFile; fileRef = 8F830AF722A11F210070E9BB /* ZJTextFieldCell.swift */; };
		8F830B0922A11F210070E9BB /* ZJSwitchCell.swift in Sources */ = {isa = PBXBuildFile; fileRef = 8F830AF822A11F210070E9BB /* ZJSwitchCell.swift */; };
		8F830B0A22A11F210070E9BB /* ZJTextCell.swift in Sources */ = {isa = PBXBuildFile; fileRef = 8F830AF922A11F210070E9BB /* ZJTextCell.swift */; };
		8F830B0B22A11F210070E9BB /* ZJTableViewSection.swift in Sources */ = {isa = PBXBuildFile; fileRef = 8F830AFB22A11F210070E9BB /* ZJTableViewSection.swift */; };
		8F830B0C22A11F210070E9BB /* ZJTableViewItem.swift in Sources */ = {isa = PBXBuildFile; fileRef = 8F830AFC22A11F210070E9BB /* ZJTableViewItem.swift */; };
		8F830B0D22A11F210070E9BB /* ZJTableViewManager.swift in Sources */ = {isa = PBXBuildFile; fileRef = 8F830AFD22A11F210070E9BB /* ZJTableViewManager.swift */; };
		8F830B0E22A11F210070E9BB /* ZJTableViewCell.swift in Sources */ = {isa = PBXBuildFile; fileRef = 8F830AFE22A11F210070E9BB /* ZJTableViewCell.swift */; };
		8F950AA4204D1F5400F06DD8 /* AppDelegate.swift in Sources */ = {isa = PBXBuildFile; fileRef = 8F950AA3204D1F5400F06DD8 /* AppDelegate.swift */; };
		8F950AA6204D1F5400F06DD8 /* ViewController.swift in Sources */ = {isa = PBXBuildFile; fileRef = 8F950AA5204D1F5400F06DD8 /* ViewController.swift */; };
		8F950AA9204D1F5400F06DD8 /* Main.storyboard in Resources */ = {isa = PBXBuildFile; fileRef = 8F950AA7204D1F5400F06DD8 /* Main.storyboard */; };
		8F950AAB204D1F5400F06DD8 /* Assets.xcassets in Resources */ = {isa = PBXBuildFile; fileRef = 8F950AAA204D1F5400F06DD8 /* Assets.xcassets */; };
		8F950AAE204D1F5400F06DD8 /* LaunchScreen.storyboard in Resources */ = {isa = PBXBuildFile; fileRef = 8F950AAC204D1F5400F06DD8 /* LaunchScreen.storyboard */; };
		8F950AD1204D386800F06DD8 /* RetractableViewController.swift in Sources */ = {isa = PBXBuildFile; fileRef = 8F950AD0204D386800F06DD8 /* RetractableViewController.swift */; };
		8F950AD3204D54CA00F06DD8 /* FormViewController.swift in Sources */ = {isa = PBXBuildFile; fileRef = 8F950AD2204D54CA00F06DD8 /* FormViewController.swift */; };
		8FB83B2B2050245300AD1F3F /* NotSeriousCustomItem.swift in Sources */ = {isa = PBXBuildFile; fileRef = 8FB83B2A2050245300AD1F3F /* NotSeriousCustomItem.swift */; };
		8FB83B2E2050248000AD1F3F /* NotSeriousCustomCell.swift in Sources */ = {isa = PBXBuildFile; fileRef = 8FB83B2C2050248000AD1F3F /* NotSeriousCustomCell.swift */; };
		8FB83B2F2050248000AD1F3F /* NotSeriousCustomCell.xib in Resources */ = {isa = PBXBuildFile; fileRef = 8FB83B2D2050248000AD1F3F /* NotSeriousCustomCell.xib */; };
		8FB83B312050257600AD1F3F /* CustomCellViewController.swift in Sources */ = {isa = PBXBuildFile; fileRef = 8FB83B302050257600AD1F3F /* CustomCellViewController.swift */; };
		8FC89EDE224291D2006557F9 /* Level0Cell.xib in Resources */ = {isa = PBXBuildFile; fileRef = 8FC89ED6224291D1006557F9 /* Level0Cell.xib */; };
		8FC89EDF224291D2006557F9 /* Level2Cell.xib in Resources */ = {isa = PBXBuildFile; fileRef = 8FC89ED7224291D1006557F9 /* Level2Cell.xib */; };
		8FC89EE0224291D2006557F9 /* Level1Cell.xib in Resources */ = {isa = PBXBuildFile; fileRef = 8FC89ED8224291D1006557F9 /* Level1Cell.xib */; };
		8FC89EE1224291D2006557F9 /* Level0Cell.swift in Sources */ = {isa = PBXBuildFile; fileRef = 8FC89ED9224291D1006557F9 /* Level0Cell.swift */; };
		8FC89EE2224291D2006557F9 /* Level3Cell.xib in Resources */ = {isa = PBXBuildFile; fileRef = 8FC89EDA224291D2006557F9 /* Level3Cell.xib */; };
		8FC89EE3224291D2006557F9 /* Level1Cell.swift in Sources */ = {isa = PBXBuildFile; fileRef = 8FC89EDB224291D2006557F9 /* Level1Cell.swift */; };
		8FC89EE4224291D2006557F9 /* Level2Cell.swift in Sources */ = {isa = PBXBuildFile; fileRef = 8FC89EDC224291D2006557F9 /* Level2Cell.swift */; };
		8FC89EE5224291D2006557F9 /* Level3Cell.swift in Sources */ = {isa = PBXBuildFile; fileRef = 8FC89EDD224291D2006557F9 /* Level3Cell.swift */; };
		8FC89EE7224291E1006557F9 /* ExpandTreeViewController.swift in Sources */ = {isa = PBXBuildFile; fileRef = 8FC89EE6224291E1006557F9 /* ExpandTreeViewController.swift */; };
		8FFE29402057C42E00760300 /* ZJTableViewManager.podspec in Resources */ = {isa = PBXBuildFile; fileRef = 8FFE293F2057C42E00760300 /* ZJTableViewManager.podspec */; };
		8FFEFD2A2176327700B3113D /* AutomaticHeightViewController.swift in Sources */ = {isa = PBXBuildFile; fileRef = 8FFEFD292176327700B3113D /* AutomaticHeightViewController.swift */; };
		8FFEFD2F2176340400B3113D /* AutomaticHeightCell.swift in Sources */ = {isa = PBXBuildFile; fileRef = 8FFEFD2D2176340400B3113D /* AutomaticHeightCell.swift */; };
		8FFEFD302176340400B3113D /* AutomaticHeightCell.xib in Resources */ = {isa = PBXBuildFile; fileRef = 8FFEFD2E2176340400B3113D /* AutomaticHeightCell.xib */; };
/* End PBXBuildFile section */

/* Begin PBXFileReference section */
		6F561AE05FA7308D77B486A3 /* Pods_ZJTableViewManagerExample.framework */ = {isa = PBXFileReference; explicitFileType = wrapper.framework; includeInIndex = 0; path = Pods_ZJTableViewManagerExample.framework; sourceTree = BUILT_PRODUCTS_DIR; };
		8F20A239205422820098929B /* EditingViewController.swift */ = {isa = PBXFileReference; lastKnownFileType = sourcecode.swift; path = EditingViewController.swift; sourceTree = "<group>"; };
		8F3786FC2057AB3200BAC618 /* SectionsViewController.swift */ = {isa = PBXFileReference; lastKnownFileType = sourcecode.swift; path = SectionsViewController.swift; sourceTree = "<group>"; };
		8F62E6C522BA8C6E00D987F7 /* HeroHeaderView.xib */ = {isa = PBXFileReference; lastKnownFileType = file.xib; path = HeroHeaderView.xib; sourceTree = "<group>"; };
		8F62E6C722BA8C8600D987F7 /* HeroHeaderView.swift */ = {isa = PBXFileReference; lastKnownFileType = sourcecode.swift; path = HeroHeaderView.swift; sourceTree = "<group>"; };
		8F62E6CA22BA903300D987F7 /* HeroSkill.swift */ = {isa = PBXFileReference; fileEncoding = 4; lastKnownFileType = sourcecode.swift; path = HeroSkill.swift; sourceTree = "<group>"; };
		8F62E6CB22BA903300D987F7 /* HeroModel.swift */ = {isa = PBXFileReference; fileEncoding = 4; lastKnownFileType = sourcecode.swift; path = HeroModel.swift; sourceTree = "<group>"; };
		8F62E6DD22BA9C6600D987F7 /* FPSStatusBarWindow.swift */ = {isa = PBXFileReference; fileEncoding = 4; lastKnownFileType = sourcecode.swift; path = FPSStatusBarWindow.swift; sourceTree = "<group>"; };
		8F62E6DE22BA9C6700D987F7 /* FPSCounter.h */ = {isa = PBXFileReference; fileEncoding = 4; lastKnownFileType = sourcecode.c.h; path = FPSCounter.h; sourceTree = "<group>"; };
		8F62E6DF22BA9C6700D987F7 /* FPSCounter.swift */ = {isa = PBXFileReference; fileEncoding = 4; lastKnownFileType = sourcecode.swift; path = FPSCounter.swift; sourceTree = "<group>"; };
		8F62E6E022BA9C6700D987F7 /* FPSStatusBarViewController.swift */ = {isa = PBXFileReference; fileEncoding = 4; lastKnownFileType = sourcecode.swift; path = FPSStatusBarViewController.swift; sourceTree = "<group>"; };
		8F830AED22A11F210070E9BB /* ZJExpandTreeCellItem.swift */ = {isa = PBXFileReference; fileEncoding = 4; lastKnownFileType = sourcecode.swift; path = ZJExpandTreeCellItem.swift; sourceTree = "<group>"; };
		8F830AEE22A11F210070E9BB /* ZJBaseTableViewController.swift */ = {isa = PBXFileReference; fileEncoding = 4; lastKnownFileType = sourcecode.swift; path = ZJBaseTableViewController.swift; sourceTree = "<group>"; };
		8F830AEF22A11F210070E9BB /* ZJTextView.swift */ = {isa = PBXFileReference; fileEncoding = 4; lastKnownFileType = sourcecode.swift; path = ZJTextView.swift; sourceTree = "<group>"; };
		8F830AF122A11F210070E9BB /* ZJSwitchCell.xib */ = {isa = PBXFileReference; fileEncoding = 4; lastKnownFileType = file.xib; path = ZJSwitchCell.xib; sourceTree = "<group>"; };
		8F830AF222A11F210070E9BB /* ZJTextFieldCell.xib */ = {isa = PBXFileReference; fileEncoding = 4; lastKnownFileType = file.xib; path = ZJTextFieldCell.xib; sourceTree = "<group>"; };
		8F830AF322A11F210070E9BB /* ZJTextCell.xib */ = {isa = PBXFileReference; fileEncoding = 4; lastKnownFileType = file.xib; path = ZJTextCell.xib; sourceTree = "<group>"; };
		8F830AF422A11F210070E9BB /* ZJTextItem.swift */ = {isa = PBXFileReference; fileEncoding = 4; lastKnownFileType = sourcecode.swift; path = ZJTextItem.swift; sourceTree = "<group>"; };
		8F830AF522A11F210070E9BB /* ZJSwitchItem.swift */ = {isa = PBXFileReference; fileEncoding = 4; lastKnownFileType = sourcecode.swift; path = ZJSwitchItem.swift; sourceTree = "<group>"; };
		8F830AF622A11F210070E9BB /* ZJTextFieldItem.swift */ = {isa = PBXFileReference; fileEncoding = 4; lastKnownFileType = sourcecode.swift; path = ZJTextFieldItem.swift; sourceTree = "<group>"; };
		8F830AF722A11F210070E9BB /* ZJTextFieldCell.swift */ = {isa = PBXFileReference; fileEncoding = 4; lastKnownFileType = sourcecode.swift; path = ZJTextFieldCell.swift; sourceTree = "<group>"; };
		8F830AF822A11F210070E9BB /* ZJSwitchCell.swift */ = {isa = PBXFileReference; fileEncoding = 4; lastKnownFileType = sourcecode.swift; path = ZJSwitchCell.swift; sourceTree = "<group>"; };
		8F830AF922A11F210070E9BB /* ZJTextCell.swift */ = {isa = PBXFileReference; fileEncoding = 4; lastKnownFileType = sourcecode.swift; path = ZJTextCell.swift; sourceTree = "<group>"; };
		8F830AFB22A11F210070E9BB /* ZJTableViewSection.swift */ = {isa = PBXFileReference; fileEncoding = 4; lastKnownFileType = sourcecode.swift; path = ZJTableViewSection.swift; sourceTree = "<group>"; };
		8F830AFC22A11F210070E9BB /* ZJTableViewItem.swift */ = {isa = PBXFileReference; fileEncoding = 4; lastKnownFileType = sourcecode.swift; path = ZJTableViewItem.swift; sourceTree = "<group>"; };
		8F830AFD22A11F210070E9BB /* ZJTableViewManager.swift */ = {isa = PBXFileReference; fileEncoding = 4; lastKnownFileType = sourcecode.swift; path = ZJTableViewManager.swift; sourceTree = "<group>"; };
		8F830AFE22A11F210070E9BB /* ZJTableViewCell.swift */ = {isa = PBXFileReference; fileEncoding = 4; lastKnownFileType = sourcecode.swift; path = ZJTableViewCell.swift; sourceTree = "<group>"; };
		8F950AA0204D1F5400F06DD8 /* ZJTableViewManagerExample.app */ = {isa = PBXFileReference; explicitFileType = wrapper.application; includeInIndex = 0; path = ZJTableViewManagerExample.app; sourceTree = BUILT_PRODUCTS_DIR; };
		8F950AA3204D1F5400F06DD8 /* AppDelegate.swift */ = {isa = PBXFileReference; lastKnownFileType = sourcecode.swift; path = AppDelegate.swift; sourceTree = "<group>"; };
		8F950AA5204D1F5400F06DD8 /* ViewController.swift */ = {isa = PBXFileReference; lastKnownFileType = sourcecode.swift; path = ViewController.swift; sourceTree = "<group>"; };
		8F950AA8204D1F5400F06DD8 /* Base */ = {isa = PBXFileReference; lastKnownFileType = file.storyboard; name = Base; path = Base.lproj/Main.storyboard; sourceTree = "<group>"; };
		8F950AAA204D1F5400F06DD8 /* Assets.xcassets */ = {isa = PBXFileReference; lastKnownFileType = folder.assetcatalog; path = Assets.xcassets; sourceTree = "<group>"; };
		8F950AAD204D1F5400F06DD8 /* Base */ = {isa = PBXFileReference; lastKnownFileType = file.storyboard; name = Base; path = Base.lproj/LaunchScreen.storyboard; sourceTree = "<group>"; };
		8F950AAF204D1F5400F06DD8 /* Info.plist */ = {isa = PBXFileReference; lastKnownFileType = text.plist.xml; path = Info.plist; sourceTree = "<group>"; };
		8F950AD0204D386800F06DD8 /* RetractableViewController.swift */ = {isa = PBXFileReference; lastKnownFileType = sourcecode.swift; path = RetractableViewController.swift; sourceTree = "<group>"; };
		8F950AD2204D54CA00F06DD8 /* FormViewController.swift */ = {isa = PBXFileReference; lastKnownFileType = sourcecode.swift; path = FormViewController.swift; sourceTree = "<group>"; };
		8FB83B2A2050245300AD1F3F /* NotSeriousCustomItem.swift */ = {isa = PBXFileReference; lastKnownFileType = sourcecode.swift; path = NotSeriousCustomItem.swift; sourceTree = "<group>"; };
		8FB83B2C2050248000AD1F3F /* NotSeriousCustomCell.swift */ = {isa = PBXFileReference; lastKnownFileType = sourcecode.swift; path = NotSeriousCustomCell.swift; sourceTree = "<group>"; };
		8FB83B2D2050248000AD1F3F /* NotSeriousCustomCell.xib */ = {isa = PBXFileReference; lastKnownFileType = file.xib; path = NotSeriousCustomCell.xib; sourceTree = "<group>"; };
		8FB83B302050257600AD1F3F /* CustomCellViewController.swift */ = {isa = PBXFileReference; lastKnownFileType = sourcecode.swift; path = CustomCellViewController.swift; sourceTree = "<group>"; };
		8FC89ED6224291D1006557F9 /* Level0Cell.xib */ = {isa = PBXFileReference; fileEncoding = 4; lastKnownFileType = file.xib; path = Level0Cell.xib; sourceTree = "<group>"; };
		8FC89ED7224291D1006557F9 /* Level2Cell.xib */ = {isa = PBXFileReference; fileEncoding = 4; lastKnownFileType = file.xib; path = Level2Cell.xib; sourceTree = "<group>"; };
		8FC89ED8224291D1006557F9 /* Level1Cell.xib */ = {isa = PBXFileReference; fileEncoding = 4; lastKnownFileType = file.xib; path = Level1Cell.xib; sourceTree = "<group>"; };
		8FC89ED9224291D1006557F9 /* Level0Cell.swift */ = {isa = PBXFileReference; fileEncoding = 4; lastKnownFileType = sourcecode.swift; path = Level0Cell.swift; sourceTree = "<group>"; };
		8FC89EDA224291D2006557F9 /* Level3Cell.xib */ = {isa = PBXFileReference; fileEncoding = 4; lastKnownFileType = file.xib; path = Level3Cell.xib; sourceTree = "<group>"; };
		8FC89EDB224291D2006557F9 /* Level1Cell.swift */ = {isa = PBXFileReference; fileEncoding = 4; lastKnownFileType = sourcecode.swift; path = Level1Cell.swift; sourceTree = "<group>"; };
		8FC89EDC224291D2006557F9 /* Level2Cell.swift */ = {isa = PBXFileReference; fileEncoding = 4; lastKnownFileType = sourcecode.swift; path = Level2Cell.swift; sourceTree = "<group>"; };
		8FC89EDD224291D2006557F9 /* Level3Cell.swift */ = {isa = PBXFileReference; fileEncoding = 4; lastKnownFileType = sourcecode.swift; path = Level3Cell.swift; sourceTree = "<group>"; };
		8FC89EE6224291E1006557F9 /* ExpandTreeViewController.swift */ = {isa = PBXFileReference; fileEncoding = 4; lastKnownFileType = sourcecode.swift; path = ExpandTreeViewController.swift; sourceTree = "<group>"; };
		8FFE293F2057C42E00760300 /* ZJTableViewManager.podspec */ = {isa = PBXFileReference; fileEncoding = 4; lastKnownFileType = text; name = ZJTableViewManager.podspec; path = ../../ZJTableViewManager.podspec; sourceTree = "<group>"; };
		8FFEFD292176327700B3113D /* AutomaticHeightViewController.swift */ = {isa = PBXFileReference; lastKnownFileType = sourcecode.swift; path = AutomaticHeightViewController.swift; sourceTree = "<group>"; };
		8FFEFD2D2176340400B3113D /* AutomaticHeightCell.swift */ = {isa = PBXFileReference; lastKnownFileType = sourcecode.swift; path = AutomaticHeightCell.swift; sourceTree = "<group>"; };
		8FFEFD2E2176340400B3113D /* AutomaticHeightCell.xib */ = {isa = PBXFileReference; lastKnownFileType = file.xib; path = AutomaticHeightCell.xib; sourceTree = "<group>"; };
		CFC819D019203BDC685ED37A /* Pods-ZJTableViewManagerExample.release.xcconfig */ = {isa = PBXFileReference; includeInIndex = 1; lastKnownFileType = text.xcconfig; name = "Pods-ZJTableViewManagerExample.release.xcconfig"; path = "Target Support Files/Pods-ZJTableViewManagerExample/Pods-ZJTableViewManagerExample.release.xcconfig"; sourceTree = "<group>"; };
		F4DCA5C0610A79D1426C3812 /* Pods-ZJTableViewManagerExample.debug.xcconfig */ = {isa = PBXFileReference; includeInIndex = 1; lastKnownFileType = text.xcconfig; name = "Pods-ZJTableViewManagerExample.debug.xcconfig"; path = "Target Support Files/Pods-ZJTableViewManagerExample/Pods-ZJTableViewManagerExample.debug.xcconfig"; sourceTree = "<group>"; };
/* End PBXFileReference section */

/* Begin PBXFrameworksBuildPhase section */
		8F950A9D204D1F5400F06DD8 /* Frameworks */ = {
			isa = PBXFrameworksBuildPhase;
			buildActionMask = 2147483647;
			files = (
			);
			runOnlyForDeploymentPostprocessing = 0;
		};
/* End PBXFrameworksBuildPhase section */

/* Begin PBXGroup section */
		8062637BB40C9E79D18535DD /* Pods */ = {
			isa = PBXGroup;
			children = (
				F4DCA5C0610A79D1426C3812 /* Pods-ZJTableViewManagerExample.debug.xcconfig */,
				CFC819D019203BDC685ED37A /* Pods-ZJTableViewManagerExample.release.xcconfig */,
			);
			path = Pods;
			sourceTree = "<group>";
		};
		8F20A1DC2054120F0098929B /* Other */ = {
			isa = PBXGroup;
			children = (
				8F62E6DE22BA9C6700D987F7 /* FPSCounter.h */,
				8F62E6DF22BA9C6700D987F7 /* FPSCounter.swift */,
				8F62E6E022BA9C6700D987F7 /* FPSStatusBarViewController.swift */,
				8F62E6DD22BA9C6600D987F7 /* FPSStatusBarWindow.swift */,
			);
			path = Other;
			sourceTree = "<group>";
		};
		8F62E6C422BA8C4A00D987F7 /* Views */ = {
			isa = PBXGroup;
			children = (
				8F62E6C522BA8C6E00D987F7 /* HeroHeaderView.xib */,
				8F62E6C722BA8C8600D987F7 /* HeroHeaderView.swift */,
			);
			path = Views;
			sourceTree = "<group>";
		};
		8F62E6C922BA902100D987F7 /* Modes */ = {
			isa = PBXGroup;
			children = (
				8F62E6CB22BA903300D987F7 /* HeroModel.swift */,
				8F62E6CA22BA903300D987F7 /* HeroSkill.swift */,
			);
			path = Modes;
			sourceTree = "<group>";
		};
		8F830AEB22A11F210070E9BB /* ZJTableViewManager */ = {
			isa = PBXGroup;
			children = (
				8F830AEC22A11F210070E9BB /* OtherClass */,
				8F830AF022A11F210070E9BB /* Cells */,
				8F830AFA22A11F210070E9BB /* Core */,
			);
			name = ZJTableViewManager;
			path = ../../ZJTableViewManager;
			sourceTree = "<group>";
		};
		8F830AEC22A11F210070E9BB /* OtherClass */ = {
			isa = PBXGroup;
			children = (
				8F830AED22A11F210070E9BB /* ZJExpandTreeCellItem.swift */,
				8F830AEE22A11F210070E9BB /* ZJBaseTableViewController.swift */,
				8F830AEF22A11F210070E9BB /* ZJTextView.swift */,
			);
			path = OtherClass;
			sourceTree = "<group>";
		};
		8F830AF022A11F210070E9BB /* Cells */ = {
			isa = PBXGroup;
			children = (
				8F830AF122A11F210070E9BB /* ZJSwitchCell.xib */,
				8F830AF222A11F210070E9BB /* ZJTextFieldCell.xib */,
				8F830AF322A11F210070E9BB /* ZJTextCell.xib */,
				8F830AF422A11F210070E9BB /* ZJTextItem.swift */,
				8F830AF522A11F210070E9BB /* ZJSwitchItem.swift */,
				8F830AF622A11F210070E9BB /* ZJTextFieldItem.swift */,
				8F830AF722A11F210070E9BB /* ZJTextFieldCell.swift */,
				8F830AF822A11F210070E9BB /* ZJSwitchCell.swift */,
				8F830AF922A11F210070E9BB /* ZJTextCell.swift */,
			);
			path = Cells;
			sourceTree = "<group>";
		};
		8F830AFA22A11F210070E9BB /* Core */ = {
			isa = PBXGroup;
			children = (
				8F830AFB22A11F210070E9BB /* ZJTableViewSection.swift */,
				8F830AFC22A11F210070E9BB /* ZJTableViewItem.swift */,
				8F830AFD22A11F210070E9BB /* ZJTableViewManager.swift */,
				8F830AFE22A11F210070E9BB /* ZJTableViewCell.swift */,
			);
			path = Core;
			sourceTree = "<group>";
		};
		8F950A97204D1F5400F06DD8 = {
			isa = PBXGroup;
			children = (
				8F950AA2204D1F5400F06DD8 /* ZJTableViewManagerExample */,
				8F950AA1204D1F5400F06DD8 /* Products */,
				8062637BB40C9E79D18535DD /* Pods */,
				E5824FAD18D6BC7B8E6D2B23 /* Frameworks */,
			);
			sourceTree = "<group>";
		};
		8F950AA1204D1F5400F06DD8 /* Products */ = {
			isa = PBXGroup;
			children = (
				8F950AA0204D1F5400F06DD8 /* ZJTableViewManagerExample.app */,
			);
			name = Products;
			sourceTree = "<group>";
		};
		8F950AA2204D1F5400F06DD8 /* ZJTableViewManagerExample */ = {
			isa = PBXGroup;
			children = (
				8F830AEB22A11F210070E9BB /* ZJTableViewManager */,
				8FB83B29205023BC00AD1F3F /* CustomCells */,
				8F950AA3204D1F5400F06DD8 /* AppDelegate.swift */,
				8F950AA5204D1F5400F06DD8 /* ViewController.swift */,
				8F950AD0204D386800F06DD8 /* RetractableViewController.swift */,
				8F950AD2204D54CA00F06DD8 /* FormViewController.swift */,
				8FB83B302050257600AD1F3F /* CustomCellViewController.swift */,
				8F20A239205422820098929B /* EditingViewController.swift */,
				8F3786FC2057AB3200BAC618 /* SectionsViewController.swift */,
				8FC89ED4224291B3006557F9 /* ExpandTree */,
				8FFEFD3121763DD800B3113D /* AutomaticHeight */,
				8F950AA7204D1F5400F06DD8 /* Main.storyboard */,
				8F950AAA204D1F5400F06DD8 /* Assets.xcassets */,
				8F950AAC204D1F5400F06DD8 /* LaunchScreen.storyboard */,
				8F950AAF204D1F5400F06DD8 /* Info.plist */,
				8FFE293F2057C42E00760300 /* ZJTableViewManager.podspec */,
				8F20A1DC2054120F0098929B /* Other */,
			);
			path = ZJTableViewManagerExample;
			sourceTree = "<group>";
		};
		8FB83B29205023BC00AD1F3F /* CustomCells */ = {
			isa = PBXGroup;
			children = (
				8FB83B2A2050245300AD1F3F /* NotSeriousCustomItem.swift */,
				8FB83B2C2050248000AD1F3F /* NotSeriousCustomCell.swift */,
				8FB83B2D2050248000AD1F3F /* NotSeriousCustomCell.xib */,
			);
			path = CustomCells;
			sourceTree = "<group>";
		};
		8FC89ED4224291B3006557F9 /* ExpandTree */ = {
			isa = PBXGroup;
			children = (
				8FC89EE6224291E1006557F9 /* ExpandTreeViewController.swift */,
				8FC89ED5224291BA006557F9 /* Cells */,
			);
			path = ExpandTree;
			sourceTree = "<group>";
		};
		8FC89ED5224291BA006557F9 /* Cells */ = {
			isa = PBXGroup;
			children = (
				8FC89ED9224291D1006557F9 /* Level0Cell.swift */,
				8FC89ED6224291D1006557F9 /* Level0Cell.xib */,
				8FC89EDB224291D2006557F9 /* Level1Cell.swift */,
				8FC89ED8224291D1006557F9 /* Level1Cell.xib */,
				8FC89EDC224291D2006557F9 /* Level2Cell.swift */,
				8FC89ED7224291D1006557F9 /* Level2Cell.xib */,
				8FC89EDD224291D2006557F9 /* Level3Cell.swift */,
				8FC89EDA224291D2006557F9 /* Level3Cell.xib */,
			);
			path = Cells;
			sourceTree = "<group>";
		};
		8FFEFD2C217633B700B3113D /* AutomaticHeightCell */ = {
			isa = PBXGroup;
			children = (
				8FFEFD2D2176340400B3113D /* AutomaticHeightCell.swift */,
				8FFEFD2E2176340400B3113D /* AutomaticHeightCell.xib */,
			);
			path = AutomaticHeightCell;
			sourceTree = "<group>";
		};
		8FFEFD3121763DD800B3113D /* AutomaticHeight */ = {
			isa = PBXGroup;
			children = (
				8FFEFD292176327700B3113D /* AutomaticHeightViewController.swift */,
				8F62E6C922BA902100D987F7 /* Modes */,
				8F62E6C422BA8C4A00D987F7 /* Views */,
				8FFEFD2C217633B700B3113D /* AutomaticHeightCell */,
			);
			path = AutomaticHeight;
			sourceTree = "<group>";
		};
		E5824FAD18D6BC7B8E6D2B23 /* Frameworks */ = {
			isa = PBXGroup;
			children = (
				6F561AE05FA7308D77B486A3 /* Pods_ZJTableViewManagerExample.framework */,
			);
			name = Frameworks;
			sourceTree = "<group>";
		};
/* End PBXGroup section */

/* Begin PBXNativeTarget section */
		8F950A9F204D1F5400F06DD8 /* ZJTableViewManagerExample */ = {
			isa = PBXNativeTarget;
			buildConfigurationList = 8F950AB2204D1F5400F06DD8 /* Build configuration list for PBXNativeTarget "ZJTableViewManagerExample" */;
			buildPhases = (
				93D433C04E6BBE1FF2A7363D /* [CP] Check Pods Manifest.lock */,
				8F950A9C204D1F5400F06DD8 /* Sources */,
				8F950A9D204D1F5400F06DD8 /* Frameworks */,
				8F950A9E204D1F5400F06DD8 /* Resources */,
			);
			buildRules = (
			);
			dependencies = (
			);
			name = ZJTableViewManagerExample;
			productName = ZJTableViewManagerExample;
			productReference = 8F950AA0204D1F5400F06DD8 /* ZJTableViewManagerExample.app */;
			productType = "com.apple.product-type.application";
		};
/* End PBXNativeTarget section */

/* Begin PBXProject section */
		8F950A98204D1F5400F06DD8 /* Project object */ = {
			isa = PBXProject;
			attributes = {
				LastSwiftUpdateCheck = 0920;
				LastUpgradeCheck = 1010;
				ORGANIZATIONNAME = "上海勾芒信息科技";
				TargetAttributes = {
					8F950A9F204D1F5400F06DD8 = {
						CreatedOnToolsVersion = 9.2;
						LastSwiftMigration = 1010;
						ProvisioningStyle = Automatic;
					};
				};
			};
			buildConfigurationList = 8F950A9B204D1F5400F06DD8 /* Build configuration list for PBXProject "ZJTableViewManagerExample" */;
			compatibilityVersion = "Xcode 8.0";
			developmentRegion = en;
			hasScannedForEncodings = 0;
			knownRegions = (
				en,
				Base,
			);
			mainGroup = 8F950A97204D1F5400F06DD8;
			productRefGroup = 8F950AA1204D1F5400F06DD8 /* Products */;
			projectDirPath = "";
			projectRoot = "";
			targets = (
				8F950A9F204D1F5400F06DD8 /* ZJTableViewManagerExample */,
			);
		};
/* End PBXProject section */

/* Begin PBXResourcesBuildPhase section */
		8F950A9E204D1F5400F06DD8 /* Resources */ = {
			isa = PBXResourcesBuildPhase;
			buildActionMask = 2147483647;
			files = (
				8FC89EDE224291D2006557F9 /* Level0Cell.xib in Resources */,
				8F830B0322A11F210070E9BB /* ZJTextFieldCell.xib in Resources */,
				8F950AAE204D1F5400F06DD8 /* LaunchScreen.storyboard in Resources */,
				8F950AAB204D1F5400F06DD8 /* Assets.xcassets in Resources */,
				8FFEFD302176340400B3113D /* AutomaticHeightCell.xib in Resources */,
				8F62E6C622BA8C6E00D987F7 /* HeroHeaderView.xib in Resources */,
				8FB83B2F2050248000AD1F3F /* NotSeriousCustomCell.xib in Resources */,
				8FC89EDF224291D2006557F9 /* Level2Cell.xib in Resources */,
				8FC89EE2224291D2006557F9 /* Level3Cell.xib in Resources */,
				8F830B0422A11F210070E9BB /* ZJTextCell.xib in Resources */,
				8FC89EE0224291D2006557F9 /* Level1Cell.xib in Resources */,
				8F830B0222A11F210070E9BB /* ZJSwitchCell.xib in Resources */,
				8F950AA9204D1F5400F06DD8 /* Main.storyboard in Resources */,
				8FFE29402057C42E00760300 /* ZJTableViewManager.podspec in Resources */,
			);
			runOnlyForDeploymentPostprocessing = 0;
		};
/* End PBXResourcesBuildPhase section */

/* Begin PBXShellScriptBuildPhase section */
		93D433C04E6BBE1FF2A7363D /* [CP] Check Pods Manifest.lock */ = {
			isa = PBXShellScriptBuildPhase;
			buildActionMask = 2147483647;
			files = (
			);
			inputFileListPaths = (
			);
			inputPaths = (
				"${PODS_PODFILE_DIR_PATH}/Podfile.lock",
				"${PODS_ROOT}/Manifest.lock",
			);
			name = "[CP] Check Pods Manifest.lock";
			outputFileListPaths = (
			);
			outputPaths = (
				"$(DERIVED_FILE_DIR)/Pods-ZJTableViewManagerExample-checkManifestLockResult.txt",
			);
			runOnlyForDeploymentPostprocessing = 0;
			shellPath = /bin/sh;
			shellScript = "diff \"${PODS_PODFILE_DIR_PATH}/Podfile.lock\" \"${PODS_ROOT}/Manifest.lock\" > /dev/null\nif [ $? != 0 ] ; then\n    # print error to STDERR\n    echo \"error: The sandbox is not in sync with the Podfile.lock. Run 'pod install' or update your CocoaPods installation.\" >&2\n    exit 1\nfi\n# This output is used by Xcode 'outputs' to avoid re-running this script phase.\necho \"SUCCESS\" > \"${SCRIPT_OUTPUT_FILE_0}\"\n";
			showEnvVarsInLog = 0;
		};
/* End PBXShellScriptBuildPhase section */

/* Begin PBXSourcesBuildPhase section */
		8F950A9C204D1F5400F06DD8 /* Sources */ = {
			isa = PBXSourcesBuildPhase;
			buildActionMask = 2147483647;
			files = (
				8F20A23A205422820098929B /* EditingViewController.swift in Sources */,
				8F950AD1204D386800F06DD8 /* RetractableViewController.swift in Sources */,
				8F62E6E122BA9C6700D987F7 /* FPSStatusBarWindow.swift in Sources */,
				8FFEFD2A2176327700B3113D /* AutomaticHeightViewController.swift in Sources */,
				8F62E6E222BA9C6700D987F7 /* FPSCounter.swift in Sources */,
				8F830B0922A11F210070E9BB /* ZJSwitchCell.swift in Sources */,
				8F830B0822A11F210070E9BB /* ZJTextFieldCell.swift in Sources */,
				8FC89EE1224291D2006557F9 /* Level0Cell.swift in Sources */,
				8F830B0722A11F210070E9BB /* ZJTextFieldItem.swift in Sources */,
				8F950AA6204D1F5400F06DD8 /* ViewController.swift in Sources */,
				8F62E6E322BA9C6700D987F7 /* FPSStatusBarViewController.swift in Sources */,
				8F830AFF22A11F210070E9BB /* ZJExpandTreeCellItem.swift in Sources */,
				8F62E6CD22BA903300D987F7 /* HeroModel.swift in Sources */,
				8F830B0A22A11F210070E9BB /* ZJTextCell.swift in Sources */,
				8F830B0022A11F210070E9BB /* ZJBaseTableViewController.swift in Sources */,
				8F62E6CC22BA903300D987F7 /* HeroSkill.swift in Sources */,
				8F830B0122A11F210070E9BB /* ZJTextView.swift in Sources */,
				8F830B0C22A11F210070E9BB /* ZJTableViewItem.swift in Sources */,
				8FC89EE3224291D2006557F9 /* Level1Cell.swift in Sources */,
				8F830B0622A11F210070E9BB /* ZJSwitchItem.swift in Sources */,
				8F950AA4204D1F5400F06DD8 /* AppDelegate.swift in Sources */,
				8F950AD3204D54CA00F06DD8 /* FormViewController.swift in Sources */,
				8F830B0522A11F210070E9BB /* ZJTextItem.swift in Sources */,
				8FC89EE7224291E1006557F9 /* ExpandTreeViewController.swift in Sources */,
				8FC89EE5224291D2006557F9 /* Level3Cell.swift in Sources */,
				8F830B0E22A11F210070E9BB /* ZJTableViewCell.swift in Sources */,
				8FB83B2B2050245300AD1F3F /* NotSeriousCustomItem.swift in Sources */,
				8FB83B2E2050248000AD1F3F /* NotSeriousCustomCell.swift in Sources */,
				8FFEFD2F2176340400B3113D /* AutomaticHeightCell.swift in Sources */,
				8FB83B312050257600AD1F3F /* CustomCellViewController.swift in Sources */,
				8F62E6C822BA8C8600D987F7 /* HeroHeaderView.swift in Sources */,
				8FC89EE4224291D2006557F9 /* Level2Cell.swift in Sources */,
				8F830B0D22A11F210070E9BB /* ZJTableViewManager.swift in Sources */,
				8F3786FD2057AB3200BAC618 /* SectionsViewController.swift in Sources */,
				8F830B0B22A11F210070E9BB /* ZJTableViewSection.swift in Sources */,
			);
			runOnlyForDeploymentPostprocessing = 0;
		};
/* End PBXSourcesBuildPhase section */

/* Begin PBXVariantGroup section */
		8F950AA7204D1F5400F06DD8 /* Main.storyboard */ = {
			isa = PBXVariantGroup;
			children = (
				8F950AA8204D1F5400F06DD8 /* Base */,
			);
			name = Main.storyboard;
			sourceTree = "<group>";
		};
		8F950AAC204D1F5400F06DD8 /* LaunchScreen.storyboard */ = {
			isa = PBXVariantGroup;
			children = (
				8F950AAD204D1F5400F06DD8 /* Base */,
			);
			name = LaunchScreen.storyboard;
			sourceTree = "<group>";
		};
/* End PBXVariantGroup section */

/* Begin XCBuildConfiguration section */
		8F950AB0204D1F5400F06DD8 /* Debug */ = {
			isa = XCBuildConfiguration;
			buildSettings = {
				ALWAYS_SEARCH_USER_PATHS = NO;
				CLANG_ANALYZER_NONNULL = YES;
				CLANG_ANALYZER_NUMBER_OBJECT_CONVERSION = YES_AGGRESSIVE;
				CLANG_CXX_LANGUAGE_STANDARD = "gnu++14";
				CLANG_CXX_LIBRARY = "libc++";
				CLANG_ENABLE_MODULES = YES;
				CLANG_ENABLE_OBJC_ARC = YES;
				CLANG_WARN_BLOCK_CAPTURE_AUTORELEASING = YES;
				CLANG_WARN_BOOL_CONVERSION = YES;
				CLANG_WARN_COMMA = YES;
				CLANG_WARN_CONSTANT_CONVERSION = YES;
				CLANG_WARN_DEPRECATED_OBJC_IMPLEMENTATIONS = YES;
				CLANG_WARN_DIRECT_OBJC_ISA_USAGE = YES_ERROR;
				CLANG_WARN_DOCUMENTATION_COMMENTS = YES;
				CLANG_WARN_EMPTY_BODY = YES;
				CLANG_WARN_ENUM_CONVERSION = YES;
				CLANG_WARN_INFINITE_RECURSION = YES;
				CLANG_WARN_INT_CONVERSION = YES;
				CLANG_WARN_NON_LITERAL_NULL_CONVERSION = YES;
				CLANG_WARN_OBJC_IMPLICIT_RETAIN_SELF = YES;
				CLANG_WARN_OBJC_LITERAL_CONVERSION = YES;
				CLANG_WARN_OBJC_ROOT_CLASS = YES_ERROR;
				CLANG_WARN_RANGE_LOOP_ANALYSIS = YES;
				CLANG_WARN_STRICT_PROTOTYPES = YES;
				CLANG_WARN_SUSPICIOUS_MOVE = YES;
				CLANG_WARN_UNGUARDED_AVAILABILITY = YES_AGGRESSIVE;
				CLANG_WARN_UNREACHABLE_CODE = YES;
				CLANG_WARN__DUPLICATE_METHOD_MATCH = YES;
				CODE_SIGN_IDENTITY = "iPhone Developer";
				COPY_PHASE_STRIP = NO;
				DEBUG_INFORMATION_FORMAT = dwarf;
				ENABLE_STRICT_OBJC_MSGSEND = YES;
				ENABLE_TESTABILITY = YES;
				GCC_C_LANGUAGE_STANDARD = gnu11;
				GCC_DYNAMIC_NO_PIC = NO;
				GCC_NO_COMMON_BLOCKS = YES;
				GCC_OPTIMIZATION_LEVEL = 0;
				GCC_PREPROCESSOR_DEFINITIONS = (
					"DEBUG=1",
					"$(inherited)",
				);
				GCC_WARN_64_TO_32_BIT_CONVERSION = YES;
				GCC_WARN_ABOUT_RETURN_TYPE = YES_ERROR;
				GCC_WARN_UNDECLARED_SELECTOR = YES;
				GCC_WARN_UNINITIALIZED_AUTOS = YES_AGGRESSIVE;
				GCC_WARN_UNUSED_FUNCTION = YES;
				GCC_WARN_UNUSED_VARIABLE = YES;
				IPHONEOS_DEPLOYMENT_TARGET = 11.2;
				MTL_ENABLE_DEBUG_INFO = YES;
				ONLY_ACTIVE_ARCH = YES;
				SDKROOT = iphoneos;
				SWIFT_ACTIVE_COMPILATION_CONDITIONS = DEBUG;
				SWIFT_OPTIMIZATION_LEVEL = "-Onone";
				SWIFT_VERSION = 4.0;
			};
			name = Debug;
		};
		8F950AB1204D1F5400F06DD8 /* Release */ = {
			isa = XCBuildConfiguration;
			buildSettings = {
				ALWAYS_SEARCH_USER_PATHS = NO;
				CLANG_ANALYZER_NONNULL = YES;
				CLANG_ANALYZER_NUMBER_OBJECT_CONVERSION = YES_AGGRESSIVE;
				CLANG_CXX_LANGUAGE_STANDARD = "gnu++14";
				CLANG_CXX_LIBRARY = "libc++";
				CLANG_ENABLE_MODULES = YES;
				CLANG_ENABLE_OBJC_ARC = YES;
				CLANG_WARN_BLOCK_CAPTURE_AUTORELEASING = YES;
				CLANG_WARN_BOOL_CONVERSION = YES;
				CLANG_WARN_COMMA = YES;
				CLANG_WARN_CONSTANT_CONVERSION = YES;
				CLANG_WARN_DEPRECATED_OBJC_IMPLEMENTATIONS = YES;
				CLANG_WARN_DIRECT_OBJC_ISA_USAGE = YES_ERROR;
				CLANG_WARN_DOCUMENTATION_COMMENTS = YES;
				CLANG_WARN_EMPTY_BODY = YES;
				CLANG_WARN_ENUM_CONVERSION = YES;
				CLANG_WARN_INFINITE_RECURSION = YES;
				CLANG_WARN_INT_CONVERSION = YES;
				CLANG_WARN_NON_LITERAL_NULL_CONVERSION = YES;
				CLANG_WARN_OBJC_IMPLICIT_RETAIN_SELF = YES;
				CLANG_WARN_OBJC_LITERAL_CONVERSION = YES;
				CLANG_WARN_OBJC_ROOT_CLASS = YES_ERROR;
				CLANG_WARN_RANGE_LOOP_ANALYSIS = YES;
				CLANG_WARN_STRICT_PROTOTYPES = YES;
				CLANG_WARN_SUSPICIOUS_MOVE = YES;
				CLANG_WARN_UNGUARDED_AVAILABILITY = YES_AGGRESSIVE;
				CLANG_WARN_UNREACHABLE_CODE = YES;
				CLANG_WARN__DUPLICATE_METHOD_MATCH = YES;
				CODE_SIGN_IDENTITY = "iPhone Developer";
				COPY_PHASE_STRIP = NO;
				DEBUG_INFORMATION_FORMAT = "dwarf-with-dsym";
				ENABLE_NS_ASSERTIONS = NO;
				ENABLE_STRICT_OBJC_MSGSEND = YES;
				GCC_C_LANGUAGE_STANDARD = gnu11;
				GCC_NO_COMMON_BLOCKS = YES;
				GCC_WARN_64_TO_32_BIT_CONVERSION = YES;
				GCC_WARN_ABOUT_RETURN_TYPE = YES_ERROR;
				GCC_WARN_UNDECLARED_SELECTOR = YES;
				GCC_WARN_UNINITIALIZED_AUTOS = YES_AGGRESSIVE;
				GCC_WARN_UNUSED_FUNCTION = YES;
				GCC_WARN_UNUSED_VARIABLE = YES;
				IPHONEOS_DEPLOYMENT_TARGET = 11.2;
				MTL_ENABLE_DEBUG_INFO = NO;
				SDKROOT = iphoneos;
				SWIFT_OPTIMIZATION_LEVEL = "-Owholemodule";
				SWIFT_VERSION = 4.0;
				VALIDATE_PRODUCT = YES;
			};
			name = Release;
		};
		8F950AB3204D1F5400F06DD8 /* Debug */ = {
			isa = XCBuildConfiguration;
			baseConfigurationReference = F4DCA5C0610A79D1426C3812 /* Pods-ZJTableViewManagerExample.debug.xcconfig */;
			buildSettings = {
				ASSETCATALOG_COMPILER_APPICON_NAME = AppIcon;
				CODE_SIGN_STYLE = Automatic;
				DEVELOPMENT_TEAM = W54V2VB863;
				INFOPLIST_FILE = ZJTableViewManagerExample/Info.plist;
				IPHONEOS_DEPLOYMENT_TARGET = 9.0;
				LD_RUNPATH_SEARCH_PATHS = "$(inherited) @executable_path/Frameworks";
				PRODUCT_BUNDLE_IDENTIFIER = com.gomoretech.ZJTableViewManagerExample;
				PRODUCT_NAME = "$(TARGET_NAME)";
				SWIFT_VERSION = 4.0;
				TARGETED_DEVICE_FAMILY = "1,2";
			};
			name = Debug;
		};
		8F950AB4204D1F5400F06DD8 /* Release */ = {
			isa = XCBuildConfiguration;
			baseConfigurationReference = CFC819D019203BDC685ED37A /* Pods-ZJTableViewManagerExample.release.xcconfig */;
			buildSettings = {
				ASSETCATALOG_COMPILER_APPICON_NAME = AppIcon;
				CODE_SIGN_STYLE = Automatic;
				DEVELOPMENT_TEAM = W54V2VB863;
				INFOPLIST_FILE = ZJTableViewManagerExample/Info.plist;
				IPHONEOS_DEPLOYMENT_TARGET = 9.0;
				LD_RUNPATH_SEARCH_PATHS = "$(inherited) @executable_path/Frameworks";
				PRODUCT_BUNDLE_IDENTIFIER = com.gomoretech.ZJTableViewManagerExample;
				PRODUCT_NAME = "$(TARGET_NAME)";
				SWIFT_VERSION = 4.0;
				TARGETED_DEVICE_FAMILY = "1,2";
			};
			name = Release;
		};
/* End XCBuildConfiguration section */

/* Begin XCConfigurationList section */
		8F950A9B204D1F5400F06DD8 /* Build configuration list for PBXProject "ZJTableViewManagerExample" */ = {
			isa = XCConfigurationList;
			buildConfigurations = (
				8F950AB0204D1F5400F06DD8 /* Debug */,
				8F950AB1204D1F5400F06DD8 /* Release */,
			);
			defaultConfigurationIsVisible = 0;
			defaultConfigurationName = Release;
		};
		8F950AB2204D1F5400F06DD8 /* Build configuration list for PBXNativeTarget "ZJTableViewManagerExample" */ = {
			isa = XCConfigurationList;
			buildConfigurations = (
				8F950AB3204D1F5400F06DD8 /* Debug */,
				8F950AB4204D1F5400F06DD8 /* Release */,
			);
			defaultConfigurationIsVisible = 0;
			defaultConfigurationName = Release;
		};
/* End XCConfigurationList section */
	};
	rootObject = 8F950A98204D1F5400F06DD8 /* Project object */;
}
