// !$*UTF8*$!
{
	archiveVersion = 1;
	classes = {
	};
	objectVersion = 48;
	objects = {

/* Begin PBXBuildFile section */
		8F20A226205412510098929B /* LICENSE.md in Resources */ = {isa = PBXBuildFile; fileRef = 8F20A20C205412510098929B /* LICENSE.md */; };
		8F20A227205412510098929B /* README.md in Resources */ = {isa = PBXBuildFile; fileRef = 8F20A20D205412510098929B /* README.md */; };
		8F20A228205412510098929B /* IQTextView.swift in Sources */ = {isa = PBXBuildFile; fileRef = 8F20A211205412510098929B /* IQTextView.swift */; };
		8F20A229205412510098929B /* IQPreviousNextView.swift in Sources */ = {isa = PBXBuildFile; fileRef = 8F20A213205412510098929B /* IQPreviousNextView.swift */; };
		8F20A22A205412510098929B /* IQTitleBarButtonItem.swift in Sources */ = {isa = PBXBuildFile; fileRef = 8F20A214205412510098929B /* IQTitleBarButtonItem.swift */; };
		8F20A22B205412510098929B /* IQBarButtonItem.swift in Sources */ = {isa = PBXBuildFile; fileRef = 8F20A215205412510098929B /* IQBarButtonItem.swift */; };
		8F20A22C205412510098929B /* IQToolbar.swift in Sources */ = {isa = PBXBuildFile; fileRef = 8F20A216205412510098929B /* IQToolbar.swift */; };
		8F20A22D205412510098929B /* IQUIView+IQKeyboardToolbar.swift in Sources */ = {isa = PBXBuildFile; fileRef = 8F20A217205412510098929B /* IQUIView+IQKeyboardToolbar.swift */; };
		8F20A22E205412510098929B /* IQKeyboardManagerConstantsInternal.swift in Sources */ = {isa = PBXBuildFile; fileRef = 8F20A219205412510098929B /* IQKeyboardManagerConstantsInternal.swift */; };
		8F20A22F205412510098929B /* IQKeyboardManagerConstants.swift in Sources */ = {isa = PBXBuildFile; fileRef = 8F20A21A205412510098929B /* IQKeyboardManagerConstants.swift */; };
		8F20A230205412510098929B /* IQKeyboardManager.bundle in Resources */ = {isa = PBXBuildFile; fileRef = 8F20A21C205412510098929B /* IQKeyboardManager.bundle */; };
		8F20A231205412510098929B /* IQKeyboardReturnKeyHandler.swift in Sources */ = {isa = PBXBuildFile; fileRef = 8F20A21D205412510098929B /* IQKeyboardReturnKeyHandler.swift */; };
		8F20A232205412510098929B /* IQKeyboardManager.swift in Sources */ = {isa = PBXBuildFile; fileRef = 8F20A21E205412510098929B /* IQKeyboardManager.swift */; };
		8F20A233205412510098929B /* IQUIWindow+Hierarchy.swift in Sources */ = {isa = PBXBuildFile; fileRef = 8F20A220205412510098929B /* IQUIWindow+Hierarchy.swift */; };
		8F20A234205412510098929B /* IQUIScrollView+Additions.swift in Sources */ = {isa = PBXBuildFile; fileRef = 8F20A221205412510098929B /* IQUIScrollView+Additions.swift */; };
		8F20A235205412510098929B /* IQUIViewController+Additions.swift in Sources */ = {isa = PBXBuildFile; fileRef = 8F20A222205412510098929B /* IQUIViewController+Additions.swift */; };
		8F20A236205412510098929B /* IQUITextFieldView+Additions.swift in Sources */ = {isa = PBXBuildFile; fileRef = 8F20A223205412510098929B /* IQUITextFieldView+Additions.swift */; };
		8F20A237205412510098929B /* IQUIView+Hierarchy.swift in Sources */ = {isa = PBXBuildFile; fileRef = 8F20A224205412510098929B /* IQUIView+Hierarchy.swift */; };
		8F20A238205412510098929B /* IQNSArray+Sort.swift in Sources */ = {isa = PBXBuildFile; fileRef = 8F20A225205412510098929B /* IQNSArray+Sort.swift */; };
		8F20A23A205422820098929B /* EditingViewController.swift in Sources */ = {isa = PBXBuildFile; fileRef = 8F20A239205422820098929B /* EditingViewController.swift */; };
		8F3786FD2057AB3200BAC618 /* SectionsViewController.swift in Sources */ = {isa = PBXBuildFile; fileRef = 8F3786FC2057AB3200BAC618 /* SectionsViewController.swift */; };
		8F950AA4204D1F5400F06DD8 /* AppDelegate.swift in Sources */ = {isa = PBXBuildFile; fileRef = 8F950AA3204D1F5400F06DD8 /* AppDelegate.swift */; };
		8F950AA6204D1F5400F06DD8 /* ViewController.swift in Sources */ = {isa = PBXBuildFile; fileRef = 8F950AA5204D1F5400F06DD8 /* ViewController.swift */; };
		8F950AA9204D1F5400F06DD8 /* Main.storyboard in Resources */ = {isa = PBXBuildFile; fileRef = 8F950AA7204D1F5400F06DD8 /* Main.storyboard */; };
		8F950AAB204D1F5400F06DD8 /* Assets.xcassets in Resources */ = {isa = PBXBuildFile; fileRef = 8F950AAA204D1F5400F06DD8 /* Assets.xcassets */; };
		8F950AAE204D1F5400F06DD8 /* LaunchScreen.storyboard in Resources */ = {isa = PBXBuildFile; fileRef = 8F950AAC204D1F5400F06DD8 /* LaunchScreen.storyboard */; };
		8F950AD1204D386800F06DD8 /* RetractableViewController.swift in Sources */ = {isa = PBXBuildFile; fileRef = 8F950AD0204D386800F06DD8 /* RetractableViewController.swift */; };
		8F950AD3204D54CA00F06DD8 /* FormViewController.swift in Sources */ = {isa = PBXBuildFile; fileRef = 8F950AD2204D54CA00F06DD8 /* FormViewController.swift */; };
		8FB83B2B2050245300AD1F3F /* NotSeriousCustomItem.swift in Sources */ = {isa = PBXBuildFile; fileRef = 8FB83B2A2050245300AD1F3F /* NotSeriousCustomItem.swift */; };
		8FB83B2E2050248000AD1F3F /* NotSeriousCustomCell.swift in Sources */ = {isa = PBXBuildFile; fileRef = 8FB83B2C2050248000AD1F3F /* NotSeriousCustomCell.swift */; };
		8FB83B2F2050248000AD1F3F /* NotSeriousCustomCell.xib in Resources */ = {isa = PBXBuildFile; fileRef = 8FB83B2D2050248000AD1F3F /* NotSeriousCustomCell.xib */; };
		8FB83B312050257600AD1F3F /* CustomCellViewController.swift in Sources */ = {isa = PBXBuildFile; fileRef = 8FB83B302050257600AD1F3F /* CustomCellViewController.swift */; };
		8FDBE409205266890029B97E /* ZJBaseTableViewController.swift in Sources */ = {isa = PBXBuildFile; fileRef = 8FDBE3F8205266890029B97E /* ZJBaseTableViewController.swift */; };
		8FDBE40A205266890029B97E /* ZJTextView.swift in Sources */ = {isa = PBXBuildFile; fileRef = 8FDBE3F9205266890029B97E /* ZJTextView.swift */; };
		8FDBE40B205266890029B97E /* ZJSwitchCell.xib in Resources */ = {isa = PBXBuildFile; fileRef = 8FDBE3FB205266890029B97E /* ZJSwitchCell.xib */; };
		8FDBE40C205266890029B97E /* ZJTextFieldCell.xib in Resources */ = {isa = PBXBuildFile; fileRef = 8FDBE3FC205266890029B97E /* ZJTextFieldCell.xib */; };
		8FDBE40D205266890029B97E /* ZJTextCell.xib in Resources */ = {isa = PBXBuildFile; fileRef = 8FDBE3FD205266890029B97E /* ZJTextCell.xib */; };
		8FDBE40E205266890029B97E /* ZJTextItem.swift in Sources */ = {isa = PBXBuildFile; fileRef = 8FDBE3FE205266890029B97E /* ZJTextItem.swift */; };
		8FDBE40F205266890029B97E /* ZJSwitchItem.swift in Sources */ = {isa = PBXBuildFile; fileRef = 8FDBE3FF205266890029B97E /* ZJSwitchItem.swift */; };
		8FDBE410205266890029B97E /* ZJTextFieldItem.swift in Sources */ = {isa = PBXBuildFile; fileRef = 8FDBE400205266890029B97E /* ZJTextFieldItem.swift */; };
		8FDBE411205266890029B97E /* ZJTextFieldCell.swift in Sources */ = {isa = PBXBuildFile; fileRef = 8FDBE401205266890029B97E /* ZJTextFieldCell.swift */; };
		8FDBE412205266890029B97E /* ZJSwitchCell.swift in Sources */ = {isa = PBXBuildFile; fileRef = 8FDBE402205266890029B97E /* ZJSwitchCell.swift */; };
		8FDBE413205266890029B97E /* ZJTextCell.swift in Sources */ = {isa = PBXBuildFile; fileRef = 8FDBE403205266890029B97E /* ZJTextCell.swift */; };
		8FDBE414205266890029B97E /* ZJTableViewSection.swift in Sources */ = {isa = PBXBuildFile; fileRef = 8FDBE405205266890029B97E /* ZJTableViewSection.swift */; };
		8FDBE415205266890029B97E /* ZJTableViewItem.swift in Sources */ = {isa = PBXBuildFile; fileRef = 8FDBE406205266890029B97E /* ZJTableViewItem.swift */; };
		8FDBE416205266890029B97E /* ZJTableViewManager.swift in Sources */ = {isa = PBXBuildFile; fileRef = 8FDBE407205266890029B97E /* ZJTableViewManager.swift */; };
		8FDBE417205266890029B97E /* ZJTableViewCell.swift in Sources */ = {isa = PBXBuildFile; fileRef = 8FDBE408205266890029B97E /* ZJTableViewCell.swift */; };
		8FFE29402057C42E00760300 /* ZJTableViewManager.podspec in Resources */ = {isa = PBXBuildFile; fileRef = 8FFE293F2057C42E00760300 /* ZJTableViewManager.podspec */; };
/* End PBXBuildFile section */

/* Begin PBXFileReference section */
		8F20A20C205412510098929B /* LICENSE.md */ = {isa = PBXFileReference; fileEncoding = 4; lastKnownFileType = net.daringfireball.markdown; path = LICENSE.md; sourceTree = "<group>"; };
		8F20A20D205412510098929B /* README.md */ = {isa = PBXFileReference; fileEncoding = 4; lastKnownFileType = net.daringfireball.markdown; path = README.md; sourceTree = "<group>"; };
		8F20A211205412510098929B /* IQTextView.swift */ = {isa = PBXFileReference; fileEncoding = 4; lastKnownFileType = sourcecode.swift; path = IQTextView.swift; sourceTree = "<group>"; };
		8F20A213205412510098929B /* IQPreviousNextView.swift */ = {isa = PBXFileReference; fileEncoding = 4; lastKnownFileType = sourcecode.swift; path = IQPreviousNextView.swift; sourceTree = "<group>"; };
		8F20A214205412510098929B /* IQTitleBarButtonItem.swift */ = {isa = PBXFileReference; fileEncoding = 4; lastKnownFileType = sourcecode.swift; path = IQTitleBarButtonItem.swift; sourceTree = "<group>"; };
		8F20A215205412510098929B /* IQBarButtonItem.swift */ = {isa = PBXFileReference; fileEncoding = 4; lastKnownFileType = sourcecode.swift; path = IQBarButtonItem.swift; sourceTree = "<group>"; };
		8F20A216205412510098929B /* IQToolbar.swift */ = {isa = PBXFileReference; fileEncoding = 4; lastKnownFileType = sourcecode.swift; path = IQToolbar.swift; sourceTree = "<group>"; };
		8F20A217205412510098929B /* IQUIView+IQKeyboardToolbar.swift */ = {isa = PBXFileReference; fileEncoding = 4; lastKnownFileType = sourcecode.swift; path = "IQUIView+IQKeyboardToolbar.swift"; sourceTree = "<group>"; };
		8F20A219205412510098929B /* IQKeyboardManagerConstantsInternal.swift */ = {isa = PBXFileReference; fileEncoding = 4; lastKnownFileType = sourcecode.swift; path = IQKeyboardManagerConstantsInternal.swift; sourceTree = "<group>"; };
		8F20A21A205412510098929B /* IQKeyboardManagerConstants.swift */ = {isa = PBXFileReference; fileEncoding = 4; lastKnownFileType = sourcecode.swift; path = IQKeyboardManagerConstants.swift; sourceTree = "<group>"; };
		8F20A21C205412510098929B /* IQKeyboardManager.bundle */ = {isa = PBXFileReference; lastKnownFileType = "wrapper.plug-in"; path = IQKeyboardManager.bundle; sourceTree = "<group>"; };
		8F20A21D205412510098929B /* IQKeyboardReturnKeyHandler.swift */ = {isa = PBXFileReference; fileEncoding = 4; lastKnownFileType = sourcecode.swift; path = IQKeyboardReturnKeyHandler.swift; sourceTree = "<group>"; };
		8F20A21E205412510098929B /* IQKeyboardManager.swift */ = {isa = PBXFileReference; fileEncoding = 4; lastKnownFileType = sourcecode.swift; path = IQKeyboardManager.swift; sourceTree = "<group>"; };
		8F20A220205412510098929B /* IQUIWindow+Hierarchy.swift */ = {isa = PBXFileReference; fileEncoding = 4; lastKnownFileType = sourcecode.swift; path = "IQUIWindow+Hierarchy.swift"; sourceTree = "<group>"; };
		8F20A221205412510098929B /* IQUIScrollView+Additions.swift */ = {isa = PBXFileReference; fileEncoding = 4; lastKnownFileType = sourcecode.swift; path = "IQUIScrollView+Additions.swift"; sourceTree = "<group>"; };
		8F20A222205412510098929B /* IQUIViewController+Additions.swift */ = {isa = PBXFileReference; fileEncoding = 4; lastKnownFileType = sourcecode.swift; path = "IQUIViewController+Additions.swift"; sourceTree = "<group>"; };
		8F20A223205412510098929B /* IQUITextFieldView+Additions.swift */ = {isa = PBXFileReference; fileEncoding = 4; lastKnownFileType = sourcecode.swift; path = "IQUITextFieldView+Additions.swift"; sourceTree = "<group>"; };
		8F20A224205412510098929B /* IQUIView+Hierarchy.swift */ = {isa = PBXFileReference; fileEncoding = 4; lastKnownFileType = sourcecode.swift; path = "IQUIView+Hierarchy.swift"; sourceTree = "<group>"; };
		8F20A225205412510098929B /* IQNSArray+Sort.swift */ = {isa = PBXFileReference; fileEncoding = 4; lastKnownFileType = sourcecode.swift; path = "IQNSArray+Sort.swift"; sourceTree = "<group>"; };
		8F20A239205422820098929B /* EditingViewController.swift */ = {isa = PBXFileReference; lastKnownFileType = sourcecode.swift; path = EditingViewController.swift; sourceTree = "<group>"; };
		8F3786FC2057AB3200BAC618 /* SectionsViewController.swift */ = {isa = PBXFileReference; lastKnownFileType = sourcecode.swift; path = SectionsViewController.swift; sourceTree = "<group>"; };
		8F950AA0204D1F5400F06DD8 /* ZJTableViewManagerExample.app */ = {isa = PBXFileReference; explicitFileType = wrapper.application; includeInIndex = 0; path = ZJTableViewManagerExample.app; sourceTree = BUILT_PRODUCTS_DIR; };
		8F950AA3204D1F5400F06DD8 /* AppDelegate.swift */ = {isa = PBXFileReference; lastKnownFileType = sourcecode.swift; path = AppDelegate.swift; sourceTree = "<group>"; };
		8F950AA5204D1F5400F06DD8 /* ViewController.swift */ = {isa = PBXFileReference; lastKnownFileType = sourcecode.swift; path = ViewController.swift; sourceTree = "<group>"; };
		8F950AA8204D1F5400F06DD8 /* Base */ = {isa = PBXFileReference; lastKnownFileType = file.storyboard; name = Base; path = Base.lproj/Main.storyboard; sourceTree = "<group>"; };
		8F950AAA204D1F5400F06DD8 /* Assets.xcassets */ = {isa = PBXFileReference; lastKnownFileType = folder.assetcatalog; path = Assets.xcassets; sourceTree = "<group>"; };
		8F950AAD204D1F5400F06DD8 /* Base */ = {isa = PBXFileReference; lastKnownFileType = file.storyboard; name = Base; path = Base.lproj/LaunchScreen.storyboard; sourceTree = "<group>"; };
		8F950AAF204D1F5400F06DD8 /* Info.plist */ = {isa = PBXFileReference; lastKnownFileType = text.plist.xml; path = Info.plist; sourceTree = "<group>"; };
		8F950AD0204D386800F06DD8 /* RetractableViewController.swift */ = {isa = PBXFileReference; lastKnownFileType = sourcecode.swift; path = RetractableViewController.swift; sourceTree = "<group>"; };
		8F950AD2204D54CA00F06DD8 /* FormViewController.swift */ = {isa = PBXFileReference; lastKnownFileType = sourcecode.swift; path = FormViewController.swift; sourceTree = "<group>"; };
		8FB83B2A2050245300AD1F3F /* NotSeriousCustomItem.swift */ = {isa = PBXFileReference; lastKnownFileType = sourcecode.swift; path = NotSeriousCustomItem.swift; sourceTree = "<group>"; };
		8FB83B2C2050248000AD1F3F /* NotSeriousCustomCell.swift */ = {isa = PBXFileReference; lastKnownFileType = sourcecode.swift; path = NotSeriousCustomCell.swift; sourceTree = "<group>"; };
		8FB83B2D2050248000AD1F3F /* NotSeriousCustomCell.xib */ = {isa = PBXFileReference; lastKnownFileType = file.xib; path = NotSeriousCustomCell.xib; sourceTree = "<group>"; };
		8FB83B302050257600AD1F3F /* CustomCellViewController.swift */ = {isa = PBXFileReference; lastKnownFileType = sourcecode.swift; path = CustomCellViewController.swift; sourceTree = "<group>"; };
		8FDBE3F8205266890029B97E /* ZJBaseTableViewController.swift */ = {isa = PBXFileReference; fileEncoding = 4; lastKnownFileType = sourcecode.swift; path = ZJBaseTableViewController.swift; sourceTree = "<group>"; };
		8FDBE3F9205266890029B97E /* ZJTextView.swift */ = {isa = PBXFileReference; fileEncoding = 4; lastKnownFileType = sourcecode.swift; path = ZJTextView.swift; sourceTree = "<group>"; };
		8FDBE3FB205266890029B97E /* ZJSwitchCell.xib */ = {isa = PBXFileReference; fileEncoding = 4; lastKnownFileType = file.xib; path = ZJSwitchCell.xib; sourceTree = "<group>"; };
		8FDBE3FC205266890029B97E /* ZJTextFieldCell.xib */ = {isa = PBXFileReference; fileEncoding = 4; lastKnownFileType = file.xib; path = ZJTextFieldCell.xib; sourceTree = "<group>"; };
		8FDBE3FD205266890029B97E /* ZJTextCell.xib */ = {isa = PBXFileReference; fileEncoding = 4; lastKnownFileType = file.xib; path = ZJTextCell.xib; sourceTree = "<group>"; };
		8FDBE3FE205266890029B97E /* ZJTextItem.swift */ = {isa = PBXFileReference; fileEncoding = 4; lastKnownFileType = sourcecode.swift; path = ZJTextItem.swift; sourceTree = "<group>"; };
		8FDBE3FF205266890029B97E /* ZJSwitchItem.swift */ = {isa = PBXFileReference; fileEncoding = 4; lastKnownFileType = sourcecode.swift; path = ZJSwitchItem.swift; sourceTree = "<group>"; };
		8FDBE400205266890029B97E /* ZJTextFieldItem.swift */ = {isa = PBXFileReference; fileEncoding = 4; lastKnownFileType = sourcecode.swift; path = ZJTextFieldItem.swift; sourceTree = "<group>"; };
		8FDBE401205266890029B97E /* ZJTextFieldCell.swift */ = {isa = PBXFileReference; fileEncoding = 4; lastKnownFileType = sourcecode.swift; path = ZJTextFieldCell.swift; sourceTree = "<group>"; };
		8FDBE402205266890029B97E /* ZJSwitchCell.swift */ = {isa = PBXFileReference; fileEncoding = 4; lastKnownFileType = sourcecode.swift; path = ZJSwitchCell.swift; sourceTree = "<group>"; };
		8FDBE403205266890029B97E /* ZJTextCell.swift */ = {isa = PBXFileReference; fileEncoding = 4; lastKnownFileType = sourcecode.swift; path = ZJTextCell.swift; sourceTree = "<group>"; };
		8FDBE405205266890029B97E /* ZJTableViewSection.swift */ = {isa = PBXFileReference; fileEncoding = 4; lastKnownFileType = sourcecode.swift; path = ZJTableViewSection.swift; sourceTree = "<group>"; };
		8FDBE406205266890029B97E /* ZJTableViewItem.swift */ = {isa = PBXFileReference; fileEncoding = 4; lastKnownFileType = sourcecode.swift; path = ZJTableViewItem.swift; sourceTree = "<group>"; };
		8FDBE407205266890029B97E /* ZJTableViewManager.swift */ = {isa = PBXFileReference; fileEncoding = 4; lastKnownFileType = sourcecode.swift; path = ZJTableViewManager.swift; sourceTree = "<group>"; };
		8FDBE408205266890029B97E /* ZJTableViewCell.swift */ = {isa = PBXFileReference; fileEncoding = 4; lastKnownFileType = sourcecode.swift; path = ZJTableViewCell.swift; sourceTree = "<group>"; };
		8FFE293F2057C42E00760300 /* ZJTableViewManager.podspec */ = {isa = PBXFileReference; fileEncoding = 4; lastKnownFileType = text; name = ZJTableViewManager.podspec; path = ../../ZJTableViewManager.podspec; sourceTree = "<group>"; };
/* End PBXFileReference section */

/* Begin PBXFrameworksBuildPhase section */
		8F950A9D204D1F5400F06DD8 /* Frameworks */ = {
			isa = PBXFrameworksBuildPhase;
			buildActionMask = 2147483647;
			files = (
			);
			runOnlyForDeploymentPostprocessing = 0;
		};
/* End PBXFrameworksBuildPhase section */

/* Begin PBXGroup section */
		8F20A1DC2054120F0098929B /* Other */ = {
			isa = PBXGroup;
			children = (
				8F20A20B205412510098929B /* IQKeyboardManagerSwift */,
			);
			path = Other;
			sourceTree = "<group>";
		};
		8F20A20B205412510098929B /* IQKeyboardManagerSwift */ = {
			isa = PBXGroup;
			children = (
				8F20A20C205412510098929B /* LICENSE.md */,
				8F20A20D205412510098929B /* README.md */,
				8F20A20E205412510098929B /* IQKeyboardManager */,
				8F20A20F205412510098929B /* IQKeyboardManagerSwift */,
			);
			path = IQKeyboardManagerSwift;
			sourceTree = "<group>";
		};
		8F20A20E205412510098929B /* IQKeyboardManager */ = {
			isa = PBXGroup;
			children = (
			);
			path = IQKeyboardManager;
			sourceTree = "<group>";
		};
		8F20A20F205412510098929B /* IQKeyboardManagerSwift */ = {
			isa = PBXGroup;
			children = (
				8F20A210205412510098929B /* IQTextView */,
				8F20A212205412510098929B /* IQToolbar */,
				8F20A218205412510098929B /* Constants */,
				8F20A21B205412510098929B /* Resources */,
				8F20A21D205412510098929B /* IQKeyboardReturnKeyHandler.swift */,
				8F20A21E205412510098929B /* IQKeyboardManager.swift */,
				8F20A21F205412510098929B /* Categories */,
			);
			path = IQKeyboardManagerSwift;
			sourceTree = "<group>";
		};
		8F20A210205412510098929B /* IQTextView */ = {
			isa = PBXGroup;
			children = (
				8F20A211205412510098929B /* IQTextView.swift */,
			);
			path = IQTextView;
			sourceTree = "<group>";
		};
		8F20A212205412510098929B /* IQToolbar */ = {
			isa = PBXGroup;
			children = (
				8F20A213205412510098929B /* IQPreviousNextView.swift */,
				8F20A214205412510098929B /* IQTitleBarButtonItem.swift */,
				8F20A215205412510098929B /* IQBarButtonItem.swift */,
				8F20A216205412510098929B /* IQToolbar.swift */,
				8F20A217205412510098929B /* IQUIView+IQKeyboardToolbar.swift */,
			);
			path = IQToolbar;
			sourceTree = "<group>";
		};
		8F20A218205412510098929B /* Constants */ = {
			isa = PBXGroup;
			children = (
				8F20A219205412510098929B /* IQKeyboardManagerConstantsInternal.swift */,
				8F20A21A205412510098929B /* IQKeyboardManagerConstants.swift */,
			);
			path = Constants;
			sourceTree = "<group>";
		};
		8F20A21B205412510098929B /* Resources */ = {
			isa = PBXGroup;
			children = (
				8F20A21C205412510098929B /* IQKeyboardManager.bundle */,
			);
			path = Resources;
			sourceTree = "<group>";
		};
		8F20A21F205412510098929B /* Categories */ = {
			isa = PBXGroup;
			children = (
				8F20A220205412510098929B /* IQUIWindow+Hierarchy.swift */,
				8F20A221205412510098929B /* IQUIScrollView+Additions.swift */,
				8F20A222205412510098929B /* IQUIViewController+Additions.swift */,
				8F20A223205412510098929B /* IQUITextFieldView+Additions.swift */,
				8F20A224205412510098929B /* IQUIView+Hierarchy.swift */,
				8F20A225205412510098929B /* IQNSArray+Sort.swift */,
			);
			path = Categories;
			sourceTree = "<group>";
		};
		8F950A97204D1F5400F06DD8 = {
			isa = PBXGroup;
			children = (
				8F950AA2204D1F5400F06DD8 /* ZJTableViewManagerExample */,
				8F950AA1204D1F5400F06DD8 /* Products */,
			);
			sourceTree = "<group>";
		};
		8F950AA1204D1F5400F06DD8 /* Products */ = {
			isa = PBXGroup;
			children = (
				8F950AA0204D1F5400F06DD8 /* ZJTableViewManagerExample.app */,
			);
			name = Products;
			sourceTree = "<group>";
		};
		8F950AA2204D1F5400F06DD8 /* ZJTableViewManagerExample */ = {
			isa = PBXGroup;
			children = (
				8FDBE3F6205266890029B97E /* ZJTableViewManager */,
				8FB83B29205023BC00AD1F3F /* CustomCells */,
				8F950AA3204D1F5400F06DD8 /* AppDelegate.swift */,
				8F950AA5204D1F5400F06DD8 /* ViewController.swift */,
				8F950AD0204D386800F06DD8 /* RetractableViewController.swift */,
				8F950AD2204D54CA00F06DD8 /* FormViewController.swift */,
				8FB83B302050257600AD1F3F /* CustomCellViewController.swift */,
				8F20A239205422820098929B /* EditingViewController.swift */,
				8F3786FC2057AB3200BAC618 /* SectionsViewController.swift */,
				8F950AA7204D1F5400F06DD8 /* Main.storyboard */,
				8F950AAA204D1F5400F06DD8 /* Assets.xcassets */,
				8F950AAC204D1F5400F06DD8 /* LaunchScreen.storyboard */,
				8F950AAF204D1F5400F06DD8 /* Info.plist */,
				8FFE293F2057C42E00760300 /* ZJTableViewManager.podspec */,
				8F20A1DC2054120F0098929B /* Other */,
			);
			path = ZJTableViewManagerExample;
			sourceTree = "<group>";
		};
		8FB83B29205023BC00AD1F3F /* CustomCells */ = {
			isa = PBXGroup;
			children = (
				8FB83B2A2050245300AD1F3F /* NotSeriousCustomItem.swift */,
				8FB83B2C2050248000AD1F3F /* NotSeriousCustomCell.swift */,
				8FB83B2D2050248000AD1F3F /* NotSeriousCustomCell.xib */,
			);
			path = CustomCells;
			sourceTree = "<group>";
		};
		8FDBE3F6205266890029B97E /* ZJTableViewManager */ = {
			isa = PBXGroup;
			children = (
				8FDBE3F7205266890029B97E /* OtherClass */,
				8FDBE3FA205266890029B97E /* Cells */,
				8FDBE404205266890029B97E /* Core */,
			);
			name = ZJTableViewManager;
			path = ../../ZJTableViewManager;
			sourceTree = "<group>";
		};
		8FDBE3F7205266890029B97E /* OtherClass */ = {
			isa = PBXGroup;
			children = (
				8FDBE3F8205266890029B97E /* ZJBaseTableViewController.swift */,
				8FDBE3F9205266890029B97E /* ZJTextView.swift */,
			);
			path = OtherClass;
			sourceTree = "<group>";
		};
		8FDBE3FA205266890029B97E /* Cells */ = {
			isa = PBXGroup;
			children = (
				8FDBE3FB205266890029B97E /* ZJSwitchCell.xib */,
				8FDBE3FC205266890029B97E /* ZJTextFieldCell.xib */,
				8FDBE3FD205266890029B97E /* ZJTextCell.xib */,
				8FDBE3FE205266890029B97E /* ZJTextItem.swift */,
				8FDBE3FF205266890029B97E /* ZJSwitchItem.swift */,
				8FDBE400205266890029B97E /* ZJTextFieldItem.swift */,
				8FDBE401205266890029B97E /* ZJTextFieldCell.swift */,
				8FDBE402205266890029B97E /* ZJSwitchCell.swift */,
				8FDBE403205266890029B97E /* ZJTextCell.swift */,
			);
			path = Cells;
			sourceTree = "<group>";
		};
		8FDBE404205266890029B97E /* Core */ = {
			isa = PBXGroup;
			children = (
				8FDBE405205266890029B97E /* ZJTableViewSection.swift */,
				8FDBE406205266890029B97E /* ZJTableViewItem.swift */,
				8FDBE407205266890029B97E /* ZJTableViewManager.swift */,
				8FDBE408205266890029B97E /* ZJTableViewCell.swift */,
			);
			path = Core;
			sourceTree = "<group>";
		};
/* End PBXGroup section */

/* Begin PBXNativeTarget section */
		8F950A9F204D1F5400F06DD8 /* ZJTableViewManagerExample */ = {
			isa = PBXNativeTarget;
			buildConfigurationList = 8F950AB2204D1F5400F06DD8 /* Build configuration list for PBXNativeTarget "ZJTableViewManagerExample" */;
			buildPhases = (
				8F950A9C204D1F5400F06DD8 /* Sources */,
				8F950A9D204D1F5400F06DD8 /* Frameworks */,
				8F950A9E204D1F5400F06DD8 /* Resources */,
			);
			buildRules = (
			);
			dependencies = (
			);
			name = ZJTableViewManagerExample;
			productName = ZJTableViewManagerExample;
			productReference = 8F950AA0204D1F5400F06DD8 /* ZJTableViewManagerExample.app */;
			productType = "com.apple.product-type.application";
		};
/* End PBXNativeTarget section */

/* Begin PBXProject section */
		8F950A98204D1F5400F06DD8 /* Project object */ = {
			isa = PBXProject;
			attributes = {
				LastSwiftUpdateCheck = 0920;
				LastUpgradeCheck = 0920;
				ORGANIZATIONNAME = "上海勾芒信息科技";
				TargetAttributes = {
					8F950A9F204D1F5400F06DD8 = {
						CreatedOnToolsVersion = 9.2;
						ProvisioningStyle = Automatic;
					};
				};
			};
			buildConfigurationList = 8F950A9B204D1F5400F06DD8 /* Build configuration list for PBXProject "ZJTableViewManagerExample" */;
			compatibilityVersion = "Xcode 8.0";
			developmentRegion = en;
			hasScannedForEncodings = 0;
			knownRegions = (
				en,
				Base,
			);
			mainGroup = 8F950A97204D1F5400F06DD8;
			productRefGroup = 8F950AA1204D1F5400F06DD8 /* Products */;
			projectDirPath = "";
			projectRoot = "";
			targets = (
				8F950A9F204D1F5400F06DD8 /* ZJTableViewManagerExample */,
			);
		};
/* End PBXProject section */

/* Begin PBXResourcesBuildPhase section */
		8F950A9E204D1F5400F06DD8 /* Resources */ = {
			isa = PBXResourcesBuildPhase;
			buildActionMask = 2147483647;
			files = (
				8F20A230205412510098929B /* IQKeyboardManager.bundle in Resources */,
				8F950AAE204D1F5400F06DD8 /* LaunchScreen.storyboard in Resources */,
				8FDBE40C205266890029B97E /* ZJTextFieldCell.xib in Resources */,
				8F950AAB204D1F5400F06DD8 /* Assets.xcassets in Resources */,
				8FDBE40B205266890029B97E /* ZJSwitchCell.xib in Resources */,
				8F20A226205412510098929B /* LICENSE.md in Resources */,
				8FB83B2F2050248000AD1F3F /* NotSeriousCustomCell.xib in Resources */,
				8F20A227205412510098929B /* README.md in Resources */,
				8F950AA9204D1F5400F06DD8 /* Main.storyboard in Resources */,
				8FFE29402057C42E00760300 /* ZJTableViewManager.podspec in Resources */,
				8FDBE40D205266890029B97E /* ZJTextCell.xib in Resources */,
			);
			runOnlyForDeploymentPostprocessing = 0;
		};
/* End PBXResourcesBuildPhase section */

/* Begin PBXSourcesBuildPhase section */
		8F950A9C204D1F5400F06DD8 /* Sources */ = {
			isa = PBXSourcesBuildPhase;
			buildActionMask = 2147483647;
			files = (
				8FDBE409205266890029B97E /* ZJBaseTableViewController.swift in Sources */,
				8F20A23A205422820098929B /* EditingViewController.swift in Sources */,
				8F20A22F205412510098929B /* IQKeyboardManagerConstants.swift in Sources */,
				8F20A231205412510098929B /* IQKeyboardReturnKeyHandler.swift in Sources */,
				8FDBE417205266890029B97E /* ZJTableViewCell.swift in Sources */,
				8F20A229205412510098929B /* IQPreviousNextView.swift in Sources */,
				8F20A236205412510098929B /* IQUITextFieldView+Additions.swift in Sources */,
				8F20A22A205412510098929B /* IQTitleBarButtonItem.swift in Sources */,
				8FDBE40E205266890029B97E /* ZJTextItem.swift in Sources */,
				8FDBE411205266890029B97E /* ZJTextFieldCell.swift in Sources */,
				8FDBE40A205266890029B97E /* ZJTextView.swift in Sources */,
				8F20A22B205412510098929B /* IQBarButtonItem.swift in Sources */,
				8F20A228205412510098929B /* IQTextView.swift in Sources */,
				8F950AD1204D386800F06DD8 /* RetractableViewController.swift in Sources */,
				8F20A234205412510098929B /* IQUIScrollView+Additions.swift in Sources */,
				8FDBE415205266890029B97E /* ZJTableViewItem.swift in Sources */,
				8F20A22E205412510098929B /* IQKeyboardManagerConstantsInternal.swift in Sources */,
				8FDBE410205266890029B97E /* ZJTextFieldItem.swift in Sources */,
				8F20A233205412510098929B /* IQUIWindow+Hierarchy.swift in Sources */,
				8F950AA6204D1F5400F06DD8 /* ViewController.swift in Sources */,
				8F20A22D205412510098929B /* IQUIView+IQKeyboardToolbar.swift in Sources */,
				8FDBE412205266890029B97E /* ZJSwitchCell.swift in Sources */,
				8F20A238205412510098929B /* IQNSArray+Sort.swift in Sources */,
				8F950AA4204D1F5400F06DD8 /* AppDelegate.swift in Sources */,
				8F950AD3204D54CA00F06DD8 /* FormViewController.swift in Sources */,
				8F20A235205412510098929B /* IQUIViewController+Additions.swift in Sources */,
				8F20A237205412510098929B /* IQUIView+Hierarchy.swift in Sources */,
				8FDBE416205266890029B97E /* ZJTableViewManager.swift in Sources */,
				8FB83B2B2050245300AD1F3F /* NotSeriousCustomItem.swift in Sources */,
				8F20A232205412510098929B /* IQKeyboardManager.swift in Sources */,
				8FB83B2E2050248000AD1F3F /* NotSeriousCustomCell.swift in Sources */,
				8FB83B312050257600AD1F3F /* CustomCellViewController.swift in Sources */,
				8FDBE40F205266890029B97E /* ZJSwitchItem.swift in Sources */,
				8FDBE413205266890029B97E /* ZJTextCell.swift in Sources */,
				8FDBE414205266890029B97E /* ZJTableViewSection.swift in Sources */,
				8F3786FD2057AB3200BAC618 /* SectionsViewController.swift in Sources */,
				8F20A22C205412510098929B /* IQToolbar.swift in Sources */,
			);
			runOnlyForDeploymentPostprocessing = 0;
		};
/* End PBXSourcesBuildPhase section */

/* Begin PBXVariantGroup section */
		8F950AA7204D1F5400F06DD8 /* Main.storyboard */ = {
			isa = PBXVariantGroup;
			children = (
				8F950AA8204D1F5400F06DD8 /* Base */,
			);
			name = Main.storyboard;
			sourceTree = "<group>";
		};
		8F950AAC204D1F5400F06DD8 /* LaunchScreen.storyboard */ = {
			isa = PBXVariantGroup;
			children = (
				8F950AAD204D1F5400F06DD8 /* Base */,
			);
			name = LaunchScreen.storyboard;
			sourceTree = "<group>";
		};
/* End PBXVariantGroup section */

/* Begin XCBuildConfiguration section */
		8F950AB0204D1F5400F06DD8 /* Debug */ = {
			isa = XCBuildConfiguration;
			buildSettings = {
				ALWAYS_SEARCH_USER_PATHS = NO;
				CLANG_ANALYZER_NONNULL = YES;
				CLANG_ANALYZER_NUMBER_OBJECT_CONVERSION = YES_AGGRESSIVE;
				CLANG_CXX_LANGUAGE_STANDARD = "gnu++14";
				CLANG_CXX_LIBRARY = "libc++";
				CLANG_ENABLE_MODULES = YES;
				CLANG_ENABLE_OBJC_ARC = YES;
				CLANG_WARN_BLOCK_CAPTURE_AUTORELEASING = YES;
				CLANG_WARN_BOOL_CONVERSION = YES;
				CLANG_WARN_COMMA = YES;
				CLANG_WARN_CONSTANT_CONVERSION = YES;
				CLANG_WARN_DIRECT_OBJC_ISA_USAGE = YES_ERROR;
				CLANG_WARN_DOCUMENTATION_COMMENTS = YES;
				CLANG_WARN_EMPTY_BODY = YES;
				CLANG_WARN_ENUM_CONVERSION = YES;
				CLANG_WARN_INFINITE_RECURSION = YES;
				CLANG_WARN_INT_CONVERSION = YES;
				CLANG_WARN_NON_LITERAL_NULL_CONVERSION = YES;
				CLANG_WARN_OBJC_LITERAL_CONVERSION = YES;
				CLANG_WARN_OBJC_ROOT_CLASS = YES_ERROR;
				CLANG_WARN_RANGE_LOOP_ANALYSIS = YES;
				CLANG_WARN_STRICT_PROTOTYPES = YES;
				CLANG_WARN_SUSPICIOUS_MOVE = YES;
				CLANG_WARN_UNGUARDED_AVAILABILITY = YES_AGGRESSIVE;
				CLANG_WARN_UNREACHABLE_CODE = YES;
				CLANG_WARN__DUPLICATE_METHOD_MATCH = YES;
				CODE_SIGN_IDENTITY = "iPhone Developer";
				COPY_PHASE_STRIP = NO;
				DEBUG_INFORMATION_FORMAT = dwarf;
				ENABLE_STRICT_OBJC_MSGSEND = YES;
				ENABLE_TESTABILITY = YES;
				GCC_C_LANGUAGE_STANDARD = gnu11;
				GCC_DYNAMIC_NO_PIC = NO;
				GCC_NO_COMMON_BLOCKS = YES;
				GCC_OPTIMIZATION_LEVEL = 0;
				GCC_PREPROCESSOR_DEFINITIONS = (
					"DEBUG=1",
					"$(inherited)",
				);
				GCC_WARN_64_TO_32_BIT_CONVERSION = YES;
				GCC_WARN_ABOUT_RETURN_TYPE = YES_ERROR;
				GCC_WARN_UNDECLARED_SELECTOR = YES;
				GCC_WARN_UNINITIALIZED_AUTOS = YES_AGGRESSIVE;
				GCC_WARN_UNUSED_FUNCTION = YES;
				GCC_WARN_UNUSED_VARIABLE = YES;
				IPHONEOS_DEPLOYMENT_TARGET = 11.2;
				MTL_ENABLE_DEBUG_INFO = YES;
				ONLY_ACTIVE_ARCH = YES;
				SDKROOT = iphoneos;
				SWIFT_ACTIVE_COMPILATION_CONDITIONS = DEBUG;
				SWIFT_OPTIMIZATION_LEVEL = "-Onone";
			};
			name = Debug;
		};
		8F950AB1204D1F5400F06DD8 /* Release */ = {
			isa = XCBuildConfiguration;
			buildSettings = {
				ALWAYS_SEARCH_USER_PATHS = NO;
				CLANG_ANALYZER_NONNULL = YES;
				CLANG_ANALYZER_NUMBER_OBJECT_CONVERSION = YES_AGGRESSIVE;
				CLANG_CXX_LANGUAGE_STANDARD = "gnu++14";
				CLANG_CXX_LIBRARY = "libc++";
				CLANG_ENABLE_MODULES = YES;
				CLANG_ENABLE_OBJC_ARC = YES;
				CLANG_WARN_BLOCK_CAPTURE_AUTORELEASING = YES;
				CLANG_WARN_BOOL_CONVERSION = YES;
				CLANG_WARN_COMMA = YES;
				CLANG_WARN_CONSTANT_CONVERSION = YES;
				CLANG_WARN_DIRECT_OBJC_ISA_USAGE = YES_ERROR;
				CLANG_WARN_DOCUMENTATION_COMMENTS = YES;
				CLANG_WARN_EMPTY_BODY = YES;
				CLANG_WARN_ENUM_CONVERSION = YES;
				CLANG_WARN_INFINITE_RECURSION = YES;
				CLANG_WARN_INT_CONVERSION = YES;
				CLANG_WARN_NON_LITERAL_NULL_CONVERSION = YES;
				CLANG_WARN_OBJC_LITERAL_CONVERSION = YES;
				CLANG_WARN_OBJC_ROOT_CLASS = YES_ERROR;
				CLANG_WARN_RANGE_LOOP_ANALYSIS = YES;
				CLANG_WARN_STRICT_PROTOTYPES = YES;
				CLANG_WARN_SUSPICIOUS_MOVE = YES;
				CLANG_WARN_UNGUARDED_AVAILABILITY = YES_AGGRESSIVE;
				CLANG_WARN_UNREACHABLE_CODE = YES;
				CLANG_WARN__DUPLICATE_METHOD_MATCH = YES;
				CODE_SIGN_IDENTITY = "iPhone Developer";
				COPY_PHASE_STRIP = NO;
				DEBUG_INFORMATION_FORMAT = "dwarf-with-dsym";
				ENABLE_NS_ASSERTIONS = NO;
				ENABLE_STRICT_OBJC_MSGSEND = YES;
				GCC_C_LANGUAGE_STANDARD = gnu11;
				GCC_NO_COMMON_BLOCKS = YES;
				GCC_WARN_64_TO_32_BIT_CONVERSION = YES;
				GCC_WARN_ABOUT_RETURN_TYPE = YES_ERROR;
				GCC_WARN_UNDECLARED_SELECTOR = YES;
				GCC_WARN_UNINITIALIZED_AUTOS = YES_AGGRESSIVE;
				GCC_WARN_UNUSED_FUNCTION = YES;
				GCC_WARN_UNUSED_VARIABLE = YES;
				IPHONEOS_DEPLOYMENT_TARGET = 11.2;
				MTL_ENABLE_DEBUG_INFO = NO;
				SDKROOT = iphoneos;
				SWIFT_OPTIMIZATION_LEVEL = "-Owholemodule";
				VALIDATE_PRODUCT = YES;
			};
			name = Release;
		};
		8F950AB3204D1F5400F06DD8 /* Debug */ = {
			isa = XCBuildConfiguration;
			buildSettings = {
				ASSETCATALOG_COMPILER_APPICON_NAME = AppIcon;
				CODE_SIGN_STYLE = Automatic;
				DEVELOPMENT_TEAM = W54V2VB863;
				INFOPLIST_FILE = ZJTableViewManagerExample/Info.plist;
				IPHONEOS_DEPLOYMENT_TARGET = 8.0;
				LD_RUNPATH_SEARCH_PATHS = "$(inherited) @executable_path/Frameworks";
				PRODUCT_BUNDLE_IDENTIFIER = com.gomoretech.ZJTableViewManagerExample;
				PRODUCT_NAME = "$(TARGET_NAME)";
				SWIFT_VERSION = 4.0;
				TARGETED_DEVICE_FAMILY = "1,2";
			};
			name = Debug;
		};
		8F950AB4204D1F5400F06DD8 /* Release */ = {
			isa = XCBuildConfiguration;
			buildSettings = {
				ASSETCATALOG_COMPILER_APPICON_NAME = AppIcon;
				CODE_SIGN_STYLE = Automatic;
				DEVELOPMENT_TEAM = W54V2VB863;
				INFOPLIST_FILE = ZJTableViewManagerExample/Info.plist;
				IPHONEOS_DEPLOYMENT_TARGET = 8.0;
				LD_RUNPATH_SEARCH_PATHS = "$(inherited) @executable_path/Frameworks";
				PRODUCT_BUNDLE_IDENTIFIER = com.gomoretech.ZJTableViewManagerExample;
				PRODUCT_NAME = "$(TARGET_NAME)";
				SWIFT_VERSION = 4.0;
				TARGETED_DEVICE_FAMILY = "1,2";
			};
			name = Release;
		};
/* End XCBuildConfiguration section */

/* Begin XCConfigurationList section */
		8F950A9B204D1F5400F06DD8 /* Build configuration list for PBXProject "ZJTableViewManagerExample" */ = {
			isa = XCConfigurationList;
			buildConfigurations = (
				8F950AB0204D1F5400F06DD8 /* Debug */,
				8F950AB1204D1F5400F06DD8 /* Release */,
			);
			defaultConfigurationIsVisible = 0;
			defaultConfigurationName = Release;
		};
		8F950AB2204D1F5400F06DD8 /* Build configuration list for PBXNativeTarget "ZJTableViewManagerExample" */ = {
			isa = XCConfigurationList;
			buildConfigurations = (
				8F950AB3204D1F5400F06DD8 /* Debug */,
				8F950AB4204D1F5400F06DD8 /* Release */,
			);
			defaultConfigurationIsVisible = 0;
			defaultConfigurationName = Release;
		};
/* End XCConfigurationList section */
	};
	rootObject = 8F950A98204D1F5400F06DD8 /* Project object */;
}
