// !$*UTF8*$!
{
	archiveVersion = 1;
	classes = {
	};
	objectVersion = 50;
	objects = {

/* Begin PBXBuildFile section */
		664C609A2320F88100EFEB2D /* AppDelegate.swift in Sources */ = {isa = PBXBuildFile; fileRef = 664C60992320F88100EFEB2D /* AppDelegate.swift */; };
		664C609C2320F88100EFEB2D /* ViewController.swift in Sources */ = {isa = PBXBuildFile; fileRef = 664C609B2320F88100EFEB2D /* ViewController.swift */; };
		664C609F2320F88100EFEB2D /* Main.storyboard in Resources */ = {isa = PBXBuildFile; fileRef = 664C609D2320F88100EFEB2D /* Main.storyboard */; };
		664C60A12320F88200EFEB2D /* Assets.xcassets in Resources */ = {isa = PBXBuildFile; fileRef = 664C60A02320F88200EFEB2D /* Assets.xcassets */; };
		664C60A42320F88200EFEB2D /* LaunchScreen.storyboard in Resources */ = {isa = PBXBuildFile; fileRef = 664C60A22320F88200EFEB2D /* LaunchScreen.storyboard */; };
		66EC6A8F2359A2AD008D8C3F /* ZJProtocol.swift in Sources */ = {isa = PBXBuildFile; fileRef = 66EC6A8E2359A2AD008D8C3F /* ZJProtocol.swift */; };
		66FA947223307464000CC0BB /* ZJExpandTreeCellItem.swift in Sources */ = {isa = PBXBuildFile; fileRef = 66FA946023307464000CC0BB /* ZJExpandTreeCellItem.swift */; };
		66FA947323307464000CC0BB /* ZJBaseTableViewController.swift in Sources */ = {isa = PBXBuildFile; fileRef = 66FA946123307464000CC0BB /* ZJBaseTableViewController.swift */; };
		66FA947423307464000CC0BB /* ZJTextView.swift in Sources */ = {isa = PBXBuildFile; fileRef = 66FA946223307464000CC0BB /* ZJTextView.swift */; };
		66FA947723307464000CC0BB /* ZJTextCell.xib in Resources */ = {isa = PBXBuildFile; fileRef = 66FA946623307464000CC0BB /* ZJTextCell.xib */; };
		66FA947823307464000CC0BB /* ZJTextItem.swift in Sources */ = {isa = PBXBuildFile; fileRef = 66FA946723307464000CC0BB /* ZJTextItem.swift */; };
		66FA947D23307464000CC0BB /* ZJTextCell.swift in Sources */ = {isa = PBXBuildFile; fileRef = 66FA946C23307464000CC0BB /* ZJTextCell.swift */; };
		66FA947E23307464000CC0BB /* ZJTableViewSection.swift in Sources */ = {isa = PBXBuildFile; fileRef = 66FA946E23307464000CC0BB /* ZJTableViewSection.swift */; };
		66FA947F23307464000CC0BB /* ZJTableViewItem.swift in Sources */ = {isa = PBXBuildFile; fileRef = 66FA946F23307464000CC0BB /* ZJTableViewItem.swift */; };
		66FA948023307464000CC0BB /* ZJTableViewManager.swift in Sources */ = {isa = PBXBuildFile; fileRef = 66FA947023307464000CC0BB /* ZJTableViewManager.swift */; };
		66FA948123307464000CC0BB /* ZJTableViewCell.swift in Sources */ = {isa = PBXBuildFile; fileRef = 66FA947123307464000CC0BB /* ZJTableViewCell.swift */; };
/* End PBXBuildFile section */

/* Begin PBXFileReference section */
		664C60962320F88100EFEB2D /* test.app */ = {isa = PBXFileReference; explicitFileType = wrapper.application; includeInIndex = 0; path = test.app; sourceTree = BUILT_PRODUCTS_DIR; };
		664C60992320F88100EFEB2D /* AppDelegate.swift */ = {isa = PBXFileReference; lastKnownFileType = sourcecode.swift; path = AppDelegate.swift; sourceTree = "<group>"; };
		664C609B2320F88100EFEB2D /* ViewController.swift */ = {isa = PBXFileReference; lastKnownFileType = sourcecode.swift; path = ViewController.swift; sourceTree = "<group>"; };
		664C609E2320F88100EFEB2D /* Base */ = {isa = PBXFileReference; lastKnownFileType = file.storyboard; name = Base; path = Base.lproj/Main.storyboard; sourceTree = "<group>"; };
		664C60A02320F88200EFEB2D /* Assets.xcassets */ = {isa = PBXFileReference; lastKnownFileType = folder.assetcatalog; path = Assets.xcassets; sourceTree = "<group>"; };
		664C60A32320F88200EFEB2D /* Base */ = {isa = PBXFileReference; lastKnownFileType = file.storyboard; name = Base; path = Base.lproj/LaunchScreen.storyboard; sourceTree = "<group>"; };
		664C60A52320F88200EFEB2D /* Info.plist */ = {isa = PBXFileReference; lastKnownFileType = text.plist.xml; path = Info.plist; sourceTree = "<group>"; };
		66EC6A8E2359A2AD008D8C3F /* ZJProtocol.swift */ = {isa = PBXFileReference; lastKnownFileType = sourcecode.swift; path = ZJProtocol.swift; sourceTree = "<group>"; };
		66FA946023307464000CC0BB /* ZJExpandTreeCellItem.swift */ = {isa = PBXFileReference; fileEncoding = 4; lastKnownFileType = sourcecode.swift; path = ZJExpandTreeCellItem.swift; sourceTree = "<group>"; };
		66FA946123307464000CC0BB /* ZJBaseTableViewController.swift */ = {isa = PBXFileReference; fileEncoding = 4; lastKnownFileType = sourcecode.swift; path = ZJBaseTableViewController.swift; sourceTree = "<group>"; };
		66FA946223307464000CC0BB /* ZJTextView.swift */ = {isa = PBXFileReference; fileEncoding = 4; lastKnownFileType = sourcecode.swift; path = ZJTextView.swift; sourceTree = "<group>"; };
		66FA946623307464000CC0BB /* ZJTextCell.xib */ = {isa = PBXFileReference; fileEncoding = 4; lastKnownFileType = file.xib; path = ZJTextCell.xib; sourceTree = "<group>"; };
		66FA946723307464000CC0BB /* ZJTextItem.swift */ = {isa = PBXFileReference; fileEncoding = 4; lastKnownFileType = sourcecode.swift; path = ZJTextItem.swift; sourceTree = "<group>"; };
		66FA946C23307464000CC0BB /* ZJTextCell.swift */ = {isa = PBXFileReference; fileEncoding = 4; lastKnownFileType = sourcecode.swift; path = ZJTextCell.swift; sourceTree = "<group>"; };
		66FA946E23307464000CC0BB /* ZJTableViewSection.swift */ = {isa = PBXFileReference; fileEncoding = 4; lastKnownFileType = sourcecode.swift; path = ZJTableViewSection.swift; sourceTree = "<group>"; };
		66FA946F23307464000CC0BB /* ZJTableViewItem.swift */ = {isa = PBXFileReference; fileEncoding = 4; lastKnownFileType = sourcecode.swift; path = ZJTableViewItem.swift; sourceTree = "<group>"; };
		66FA947023307464000CC0BB /* ZJTableViewManager.swift */ = {isa = PBXFileReference; fileEncoding = 4; lastKnownFileType = sourcecode.swift; path = ZJTableViewManager.swift; sourceTree = "<group>"; };
		66FA947123307464000CC0BB /* ZJTableViewCell.swift */ = {isa = PBXFileReference; fileEncoding = 4; lastKnownFileType = sourcecode.swift; path = ZJTableViewCell.swift; sourceTree = "<group>"; };
/* End PBXFileReference section */

/* Begin PBXFrameworksBuildPhase section */
		664C60932320F88100EFEB2D /* Frameworks */ = {
			isa = PBXFrameworksBuildPhase;
			buildActionMask = 2147483647;
			files = (
			);
			runOnlyForDeploymentPostprocessing = 0;
		};
/* End PBXFrameworksBuildPhase section */

/* Begin PBXGroup section */
		664C608D2320F88100EFEB2D = {
			isa = PBXGroup;
			children = (
				664C60982320F88100EFEB2D /* test */,
				664C60972320F88100EFEB2D /* Products */,
			);
			sourceTree = "<group>";
		};
		664C60972320F88100EFEB2D /* Products */ = {
			isa = PBXGroup;
			children = (
				664C60962320F88100EFEB2D /* test.app */,
			);
			name = Products;
			sourceTree = "<group>";
		};
		664C60982320F88100EFEB2D /* test */ = {
			isa = PBXGroup;
			children = (
				66FA945E23307464000CC0BB /* ZJTableViewManager */,
				664C60992320F88100EFEB2D /* AppDelegate.swift */,
				664C609B2320F88100EFEB2D /* ViewController.swift */,
				664C609D2320F88100EFEB2D /* Main.storyboard */,
				664C60A02320F88200EFEB2D /* Assets.xcassets */,
				664C60A22320F88200EFEB2D /* LaunchScreen.storyboard */,
				664C60A52320F88200EFEB2D /* Info.plist */,
			);
			path = test;
			sourceTree = "<group>";
		};
		66FA945E23307464000CC0BB /* ZJTableViewManager */ = {
			isa = PBXGroup;
			children = (
				66FA945F23307464000CC0BB /* OtherClass */,
				66FA946323307464000CC0BB /* Cells */,
				66FA946D23307464000CC0BB /* Core */,
			);
			path = ZJTableViewManager;
			sourceTree = "<group>";
		};
		66FA945F23307464000CC0BB /* OtherClass */ = {
			isa = PBXGroup;
			children = (
				66FA946023307464000CC0BB /* ZJExpandTreeCellItem.swift */,
				66FA946123307464000CC0BB /* ZJBaseTableViewController.swift */,
				66FA946223307464000CC0BB /* ZJTextView.swift */,
			);
			path = OtherClass;
			sourceTree = "<group>";
		};
		66FA946323307464000CC0BB /* Cells */ = {
			isa = PBXGroup;
			children = (
				66FA946623307464000CC0BB /* ZJTextCell.xib */,
				66FA946723307464000CC0BB /* ZJTextItem.swift */,
				66FA946C23307464000CC0BB /* ZJTextCell.swift */,
			);
			path = Cells;
			sourceTree = "<group>";
		};
		66FA946D23307464000CC0BB /* Core */ = {
			isa = PBXGroup;
			children = (
				66FA946E23307464000CC0BB /* ZJTableViewSection.swift */,
				66FA946F23307464000CC0BB /* ZJTableViewItem.swift */,
				66FA947023307464000CC0BB /* ZJTableViewManager.swift */,
				66FA947123307464000CC0BB /* ZJTableViewCell.swift */,
				66EC6A8E2359A2AD008D8C3F /* ZJProtocol.swift */,
			);
			path = Core;
			sourceTree = "<group>";
		};
/* End PBXGroup section */

/* Begin PBXNativeTarget section */
		664C60952320F88100EFEB2D /* test */ = {
			isa = PBXNativeTarget;
			buildConfigurationList = 664C60A82320F88200EFEB2D /* Build configuration list for PBXNativeTarget "test" */;
			buildPhases = (
				664C60922320F88100EFEB2D /* Sources */,
				664C60932320F88100EFEB2D /* Frameworks */,
				664C60942320F88100EFEB2D /* Resources */,
			);
			buildRules = (
			);
			dependencies = (
			);
			name = test;
			productName = test;
			productReference = 664C60962320F88100EFEB2D /* test.app */;
			productType = "com.apple.product-type.application";
		};
/* End PBXNativeTarget section */

/* Begin PBXProject section */
		664C608E2320F88100EFEB2D /* Project object */ = {
			isa = PBXProject;
			attributes = {
				LastSwiftUpdateCheck = 1030;
				LastUpgradeCheck = 1030;
				ORGANIZATIONNAME = "Green Dot";
				TargetAttributes = {
					664C60952320F88100EFEB2D = {
						CreatedOnToolsVersion = 10.3;
					};
				};
			};
			buildConfigurationList = 664C60912320F88100EFEB2D /* Build configuration list for PBXProject "test" */;
			compatibilityVersion = "Xcode 9.3";
			developmentRegion = en;
			hasScannedForEncodings = 0;
			knownRegions = (
				en,
				Base,
			);
			mainGroup = 664C608D2320F88100EFEB2D;
			productRefGroup = 664C60972320F88100EFEB2D /* Products */;
			projectDirPath = "";
			projectRoot = "";
			targets = (
				664C60952320F88100EFEB2D /* test */,
			);
		};
/* End PBXProject section */

/* Begin PBXResourcesBuildPhase section */
		664C60942320F88100EFEB2D /* Resources */ = {
			isa = PBXResourcesBuildPhase;
			buildActionMask = 2147483647;
			files = (
				664C60A42320F88200EFEB2D /* LaunchScreen.storyboard in Resources */,
				664C60A12320F88200EFEB2D /* Assets.xcassets in Resources */,
				664C609F2320F88100EFEB2D /* Main.storyboard in Resources */,
				66FA947723307464000CC0BB /* ZJTextCell.xib in Resources */,
			);
			runOnlyForDeploymentPostprocessing = 0;
		};
/* End PBXResourcesBuildPhase section */

/* Begin PBXSourcesBuildPhase section */
		664C60922320F88100EFEB2D /* Sources */ = {
			isa = PBXSourcesBuildPhase;
			buildActionMask = 2147483647;
			files = (
				66FA947D23307464000CC0BB /* ZJTextCell.swift in Sources */,
				66FA947323307464000CC0BB /* ZJBaseTableViewController.swift in Sources */,
				66FA947223307464000CC0BB /* ZJExpandTreeCellItem.swift in Sources */,
				66FA947E23307464000CC0BB /* ZJTableViewSection.swift in Sources */,
				66FA947423307464000CC0BB /* ZJTextView.swift in Sources */,
				66FA948123307464000CC0BB /* ZJTableViewCell.swift in Sources */,
				66FA947823307464000CC0BB /* ZJTextItem.swift in Sources */,
				66FA947F23307464000CC0BB /* ZJTableViewItem.swift in Sources */,
				66FA948023307464000CC0BB /* ZJTableViewManager.swift in Sources */,
				66EC6A8F2359A2AD008D8C3F /* ZJProtocol.swift in Sources */,
				664C609C2320F88100EFEB2D /* ViewController.swift in Sources */,
				664C609A2320F88100EFEB2D /* AppDelegate.swift in Sources */,
			);
			runOnlyForDeploymentPostprocessing = 0;
		};
/* End PBXSourcesBuildPhase section */

/* Begin PBXVariantGroup section */
		664C609D2320F88100EFEB2D /* Main.storyboard */ = {
			isa = PBXVariantGroup;
			children = (
				664C609E2320F88100EFEB2D /* Base */,
			);
			name = Main.storyboard;
			sourceTree = "<group>";
		};
		664C60A22320F88200EFEB2D /* LaunchScreen.storyboard */ = {
			isa = PBXVariantGroup;
			children = (
				664C60A32320F88200EFEB2D /* Base */,
			);
			name = LaunchScreen.storyboard;
			sourceTree = "<group>";
		};
/* End PBXVariantGroup section */

/* Begin XCBuildConfiguration section */
		664C60A62320F88200EFEB2D /* Debug */ = {
			isa = XCBuildConfiguration;
			buildSettings = {
				ALWAYS_SEARCH_USER_PATHS = NO;
				CLANG_ANALYZER_NONNULL = YES;
				CLANG_ANALYZER_NUMBER_OBJECT_CONVERSION = YES_AGGRESSIVE;
				CLANG_CXX_LANGUAGE_STANDARD = "gnu++14";
				CLANG_CXX_LIBRARY = "libc++";
				CLANG_ENABLE_MODULES = YES;
				CLANG_ENABLE_OBJC_ARC = YES;
				CLANG_ENABLE_OBJC_WEAK = YES;
				CLANG_WARN_BLOCK_CAPTURE_AUTORELEASING = YES;
				CLANG_WARN_BOOL_CONVERSION = YES;
				CLANG_WARN_COMMA = YES;
				CLANG_WARN_CONSTANT_CONVERSION = YES;
				CLANG_WARN_DEPRECATED_OBJC_IMPLEMENTATIONS = YES;
				CLANG_WARN_DIRECT_OBJC_ISA_USAGE = YES_ERROR;
				CLANG_WARN_DOCUMENTATION_COMMENTS = YES;
				CLANG_WARN_EMPTY_BODY = YES;
				CLANG_WARN_ENUM_CONVERSION = YES;
				CLANG_WARN_INFINITE_RECURSION = YES;
				CLANG_WARN_INT_CONVERSION = YES;
				CLANG_WARN_NON_LITERAL_NULL_CONVERSION = YES;
				CLANG_WARN_OBJC_IMPLICIT_RETAIN_SELF = YES;
				CLANG_WARN_OBJC_LITERAL_CONVERSION = YES;
				CLANG_WARN_OBJC_ROOT_CLASS = YES_ERROR;
				CLANG_WARN_RANGE_LOOP_ANALYSIS = YES;
				CLANG_WARN_STRICT_PROTOTYPES = YES;
				CLANG_WARN_SUSPICIOUS_MOVE = YES;
				CLANG_WARN_UNGUARDED_AVAILABILITY = YES_AGGRESSIVE;
				CLANG_WARN_UNREACHABLE_CODE = YES;
				CLANG_WARN__DUPLICATE_METHOD_MATCH = YES;
				CODE_SIGN_IDENTITY = "iPhone Developer";
				COPY_PHASE_STRIP = NO;
				DEBUG_INFORMATION_FORMAT = dwarf;
				ENABLE_STRICT_OBJC_MSGSEND = YES;
				ENABLE_TESTABILITY = YES;
				GCC_C_LANGUAGE_STANDARD = gnu11;
				GCC_DYNAMIC_NO_PIC = NO;
				GCC_NO_COMMON_BLOCKS = YES;
				GCC_OPTIMIZATION_LEVEL = 0;
				GCC_PREPROCESSOR_DEFINITIONS = (
					"DEBUG=1",
					"$(inherited)",
				);
				GCC_WARN_64_TO_32_BIT_CONVERSION = YES;
				GCC_WARN_ABOUT_RETURN_TYPE = YES_ERROR;
				GCC_WARN_UNDECLARED_SELECTOR = YES;
				GCC_WARN_UNINITIALIZED_AUTOS = YES_AGGRESSIVE;
				GCC_WARN_UNUSED_FUNCTION = YES;
				GCC_WARN_UNUSED_VARIABLE = YES;
				IPHONEOS_DEPLOYMENT_TARGET = 12.4;
				MTL_ENABLE_DEBUG_INFO = INCLUDE_SOURCE;
				MTL_FAST_MATH = YES;
				ONLY_ACTIVE_ARCH = YES;
				SDKROOT = iphoneos;
				SWIFT_ACTIVE_COMPILATION_CONDITIONS = DEBUG;
				SWIFT_OPTIMIZATION_LEVEL = "-Onone";
			};
			name = Debug;
		};
		664C60A72320F88200EFEB2D /* Release */ = {
			isa = XCBuildConfiguration;
			buildSettings = {
				ALWAYS_SEARCH_USER_PATHS = NO;
				CLANG_ANALYZER_NONNULL = YES;
				CLANG_ANALYZER_NUMBER_OBJECT_CONVERSION = YES_AGGRESSIVE;
				CLANG_CXX_LANGUAGE_STANDARD = "gnu++14";
				CLANG_CXX_LIBRARY = "libc++";
				CLANG_ENABLE_MODULES = YES;
				CLANG_ENABLE_OBJC_ARC = YES;
				CLANG_ENABLE_OBJC_WEAK = YES;
				CLANG_WARN_BLOCK_CAPTURE_AUTORELEASING = YES;
				CLANG_WARN_BOOL_CONVERSION = YES;
				CLANG_WARN_COMMA = YES;
				CLANG_WARN_CONSTANT_CONVERSION = YES;
				CLANG_WARN_DEPRECATED_OBJC_IMPLEMENTATIONS = YES;
				CLANG_WARN_DIRECT_OBJC_ISA_USAGE = YES_ERROR;
				CLANG_WARN_DOCUMENTATION_COMMENTS = YES;
				CLANG_WARN_EMPTY_BODY = YES;
				CLANG_WARN_ENUM_CONVERSION = YES;
				CLANG_WARN_INFINITE_RECURSION = YES;
				CLANG_WARN_INT_CONVERSION = YES;
				CLANG_WARN_NON_LITERAL_NULL_CONVERSION = YES;
				CLANG_WARN_OBJC_IMPLICIT_RETAIN_SELF = YES;
				CLANG_WARN_OBJC_LITERAL_CONVERSION = YES;
				CLANG_WARN_OBJC_ROOT_CLASS = YES_ERROR;
				CLANG_WARN_RANGE_LOOP_ANALYSIS = YES;
				CLANG_WARN_STRICT_PROTOTYPES = YES;
				CLANG_WARN_SUSPICIOUS_MOVE = YES;
				CLANG_WARN_UNGUARDED_AVAILABILITY = YES_AGGRESSIVE;
				CLANG_WARN_UNREACHABLE_CODE = YES;
				CLANG_WARN__DUPLICATE_METHOD_MATCH = YES;
				CODE_SIGN_IDENTITY = "iPhone Developer";
				COPY_PHASE_STRIP = NO;
				DEBUG_INFORMATION_FORMAT = "dwarf-with-dsym";
				ENABLE_NS_ASSERTIONS = NO;
				ENABLE_STRICT_OBJC_MSGSEND = YES;
				GCC_C_LANGUAGE_STANDARD = gnu11;
				GCC_NO_COMMON_BLOCKS = YES;
				GCC_WARN_64_TO_32_BIT_CONVERSION = YES;
				GCC_WARN_ABOUT_RETURN_TYPE = YES_ERROR;
				GCC_WARN_UNDECLARED_SELECTOR = YES;
				GCC_WARN_UNINITIALIZED_AUTOS = YES_AGGRESSIVE;
				GCC_WARN_UNUSED_FUNCTION = YES;
				GCC_WARN_UNUSED_VARIABLE = YES;
				IPHONEOS_DEPLOYMENT_TARGET = 12.4;
				MTL_ENABLE_DEBUG_INFO = NO;
				MTL_FAST_MATH = YES;
				SDKROOT = iphoneos;
				SWIFT_COMPILATION_MODE = wholemodule;
				SWIFT_OPTIMIZATION_LEVEL = "-O";
				VALIDATE_PRODUCT = YES;
			};
			name = Release;
		};
		664C60A92320F88200EFEB2D /* Debug */ = {
			isa = XCBuildConfiguration;
			buildSettings = {
				ASSETCATALOG_COMPILER_APPICON_NAME = AppIcon;
				CODE_SIGN_STYLE = Automatic;
				INFOPLIST_FILE = test/Info.plist;
				LD_RUNPATH_SEARCH_PATHS = (
					"$(inherited)",
					"@executable_path/Frameworks",
				);
				PRODUCT_BUNDLE_IDENTIFIER = "Green-Dot.test";
				PRODUCT_NAME = "$(TARGET_NAME)";
				SWIFT_VERSION = 5.0;
				TARGETED_DEVICE_FAMILY = "1,2";
			};
			name = Debug;
		};
		664C60AA2320F88200EFEB2D /* Release */ = {
			isa = XCBuildConfiguration;
			buildSettings = {
				ASSETCATALOG_COMPILER_APPICON_NAME = AppIcon;
				CODE_SIGN_STYLE = Automatic;
				INFOPLIST_FILE = test/Info.plist;
				LD_RUNPATH_SEARCH_PATHS = (
					"$(inherited)",
					"@executable_path/Frameworks",
				);
				PRODUCT_BUNDLE_IDENTIFIER = "Green-Dot.test";
				PRODUCT_NAME = "$(TARGET_NAME)";
				SWIFT_VERSION = 5.0;
				TARGETED_DEVICE_FAMILY = "1,2";
			};
			name = Release;
		};
/* End XCBuildConfiguration section */

/* Begin XCConfigurationList section */
		664C60912320F88100EFEB2D /* Build configuration list for PBXProject "test" */ = {
			isa = XCConfigurationList;
			buildConfigurations = (
				664C60A62320F88200EFEB2D /* Debug */,
				664C60A72320F88200EFEB2D /* Release */,
			);
			defaultConfigurationIsVisible = 0;
			defaultConfigurationName = Release;
		};
		664C60A82320F88200EFEB2D /* Build configuration list for PBXNativeTarget "test" */ = {
			isa = XCConfigurationList;
			buildConfigurations = (
				664C60A92320F88200EFEB2D /* Debug */,
				664C60AA2320F88200EFEB2D /* Release */,
			);
			defaultConfigurationIsVisible = 0;
			defaultConfigurationName = Release;
		};
/* End XCConfigurationList section */
	};
	rootObject = 664C608E2320F88100EFEB2D /* Project object */;
}
